// !$*UTF8*$!
{
	archiveVersion = 1;
	classes = {
	};
	objectVersion = 55;
	objects = {

/* Begin PBXBuildFile section */
		BA95F4EC287D74EB00D5AAEF /* AppDelegate.swift in Sources */ = {isa = PBXBuildFile; fileRef = BA95F4EB287D74EB00D5AAEF /* AppDelegate.swift */; };
		BA95F4EE287D74EB00D5AAEF /* SceneDelegate.swift in Sources */ = {isa = PBXBuildFile; fileRef = BA95F4ED287D74EB00D5AAEF /* SceneDelegate.swift */; };
		BA95F4F0287D74EB00D5AAEF /* ViewController.swift in Sources */ = {isa = PBXBuildFile; fileRef = BA95F4EF287D74EB00D5AAEF /* ViewController.swift */; };
		BA95F4F3287D74EB00D5AAEF /* Main.storyboard in Resources */ = {isa = PBXBuildFile; fileRef = BA95F4F1287D74EB00D5AAEF /* Main.storyboard */; };
		BA95F4F5287D74EE00D5AAEF /* Assets.xcassets in Resources */ = {isa = PBXBuildFile; fileRef = BA95F4F4287D74EE00D5AAEF /* Assets.xcassets */; };
		BA95F4F8287D74EE00D5AAEF /* LaunchScreen.storyboard in Resources */ = {isa = PBXBuildFile; fileRef = BA95F4F6287D74EE00D5AAEF /* LaunchScreen.storyboard */; };
		BA95F503287D756600D5AAEF /* DemoVM.swift in Sources */ = {isa = PBXBuildFile; fileRef = BA95F502287D756600D5AAEF /* DemoVM.swift */; };
		BA95F505287D759100D5AAEF /* DemoModel.swift in Sources */ = {isa = PBXBuildFile; fileRef = BA95F504287D759100D5AAEF /* DemoModel.swift */; };
/* End PBXBuildFile section */

/* Begin PBXFileReference section */
		BA95F4E8287D74EB00D5AAEF /* BaseCode.app */ = {isa = PBXFileReference; explicitFileType = wrapper.application; includeInIndex = 0; path = BaseCode.app; sourceTree = BUILT_PRODUCTS_DIR; };
		BA95F4EB287D74EB00D5AAEF /* AppDelegate.swift */ = {isa = PBXFileReference; lastKnownFileType = sourcecode.swift; path = AppDelegate.swift; sourceTree = "<group>"; };
		BA95F4ED287D74EB00D5AAEF /* SceneDelegate.swift */ = {isa = PBXFileReference; lastKnownFileType = sourcecode.swift; path = SceneDelegate.swift; sourceTree = "<group>"; };
		BA95F4EF287D74EB00D5AAEF /* ViewController.swift */ = {isa = PBXFileReference; lastKnownFileType = sourcecode.swift; path = ViewController.swift; sourceTree = "<group>"; };
		BA95F4F2287D74EB00D5AAEF /* Base */ = {isa = PBXFileReference; lastKnownFileType = file.storyboard; name = Base; path = Base.lproj/Main.storyboard; sourceTree = "<group>"; };
		BA95F4F4287D74EE00D5AAEF /* Assets.xcassets */ = {isa = PBXFileReference; lastKnownFileType = folder.assetcatalog; path = Assets.xcassets; sourceTree = "<group>"; };
		BA95F4F7287D74EE00D5AAEF /* Base */ = {isa = PBXFileReference; lastKnownFileType = file.storyboard; name = Base; path = Base.lproj/LaunchScreen.storyboard; sourceTree = "<group>"; };
		BA95F4F9287D74EE00D5AAEF /* Info.plist */ = {isa = PBXFileReference; lastKnownFileType = text.plist.xml; path = Info.plist; sourceTree = "<group>"; };
		BA95F502287D756600D5AAEF /* DemoVM.swift */ = {isa = PBXFileReference; fileEncoding = 4; lastKnownFileType = sourcecode.swift; path = DemoVM.swift; sourceTree = "<group>"; };
		BA95F504287D759100D5AAEF /* DemoModel.swift */ = {isa = PBXFileReference; lastKnownFileType = sourcecode.swift; path = DemoModel.swift; sourceTree = "<group>"; };
/* End PBXFileReference section */

/* Begin PBXFrameworksBuildPhase section */
		BA95F4E5287D74EB00D5AAEF /* Frameworks */ = {
			isa = PBXFrameworksBuildPhase;
			buildActionMask = 2147483647;
			files = (
			);
			runOnlyForDeploymentPostprocessing = 0;
		};
/* End PBXFrameworksBuildPhase section */

/* Begin PBXGroup section */
		BA95F4DF287D74EB00D5AAEF = {
			isa = PBXGroup;
			children = (
				BA95F4EA287D74EB00D5AAEF /* BaseCode */,
				BA95F4E9287D74EB00D5AAEF /* Products */,
			);
			sourceTree = "<group>";
		};
		BA95F4E9287D74EB00D5AAEF /* Products */ = {
			isa = PBXGroup;
			children = (
				BA95F4E8287D74EB00D5AAEF /* BaseCode.app */,
			);
			name = Products;
			sourceTree = "<group>";
		};
		BA95F4EA287D74EB00D5AAEF /* BaseCode */ = {
			isa = PBXGroup;
			children = (
				BA95F501287D754C00D5AAEF /* Models */,
				BA95F500287D753C00D5AAEF /* ViewModels */,
				BA95F4FF287D752600D5AAEF /* ViewControllers */,
				BA95F4EB287D74EB00D5AAEF /* AppDelegate.swift */,
				BA95F4ED287D74EB00D5AAEF /* SceneDelegate.swift */,
				BA95F4F1287D74EB00D5AAEF /* Main.storyboard */,
				BA95F4F4287D74EE00D5AAEF /* Assets.xcassets */,
				BA95F4F6287D74EE00D5AAEF /* LaunchScreen.storyboard */,
				BA95F4F9287D74EE00D5AAEF /* Info.plist */,
			);
			path = BaseCode;
			sourceTree = "<group>";
		};
		BA95F4FF287D752600D5AAEF /* ViewControllers */ = {
			isa = PBXGroup;
			children = (
				BA95F4EF287D74EB00D5AAEF /* ViewController.swift */,
			);
			path = ViewControllers;
			sourceTree = "<group>";
		};
		BA95F500287D753C00D5AAEF /* ViewModels */ = {
			isa = PBXGroup;
			children = (
				BA95F502287D756600D5AAEF /* DemoVM.swift */,
			);
			path = ViewModels;
			sourceTree = "<group>";
		};
		BA95F501287D754C00D5AAEF /* Models */ = {
			isa = PBXGroup;
			children = (
				BA95F504287D759100D5AAEF /* DemoModel.swift */,
			);
			path = Models;
			sourceTree = "<group>";
		};
/* End PBXGroup section */

/* Begin PBXNativeTarget section */
		BA95F4E7287D74EB00D5AAEF /* BaseCode */ = {
			isa = PBXNativeTarget;
			buildConfigurationList = BA95F4FC287D74EE00D5AAEF /* Build configuration list for PBXNativeTarget "BaseCode" */;
			buildPhases = (
				BA95F4E4287D74EB00D5AAEF /* Sources */,
				BA95F4E5287D74EB00D5AAEF /* Frameworks */,
				BA95F4E6287D74EB00D5AAEF /* Resources */,
			);
			buildRules = (
			);
			dependencies = (
			);
			name = BaseCode;
			productName = BaseCode;
			productReference = BA95F4E8287D74EB00D5AAEF /* BaseCode.app */;
			productType = "com.apple.product-type.application";
		};
/* End PBXNativeTarget section */

/* Begin PBXProject section */
		BA95F4E0287D74EB00D5AAEF /* Project object */ = {
			isa = PBXProject;
			attributes = {
				BuildIndependentTargetsInParallel = 1;
				LastSwiftUpdateCheck = 1300;
				LastUpgradeCheck = 1300;
				TargetAttributes = {
					BA95F4E7287D74EB00D5AAEF = {
						CreatedOnToolsVersion = 13.0;
					};
				};
			};
			buildConfigurationList = BA95F4E3287D74EB00D5AAEF /* Build configuration list for PBXProject "BaseCode" */;
			compatibilityVersion = "Xcode 13.0";
			developmentRegion = en;
			hasScannedForEncodings = 0;
			knownRegions = (
				en,
				Base,
			);
			mainGroup = BA95F4DF287D74EB00D5AAEF;
			productRefGroup = BA95F4E9287D74EB00D5AAEF /* Products */;
			projectDirPath = "";
			projectRoot = "";
			targets = (
				BA95F4E7287D74EB00D5AAEF /* BaseCode */,
			);
		};
/* End PBXProject section */

/* Begin PBXResourcesBuildPhase section */
		BA95F4E6287D74EB00D5AAEF /* Resources */ = {
			isa = PBXResourcesBuildPhase;
			buildActionMask = 2147483647;
			files = (
				BA95F4F8287D74EE00D5AAEF /* LaunchScreen.storyboard in Resources */,
				BA95F4F5287D74EE00D5AAEF /* Assets.xcassets in Resources */,
				BA95F4F3287D74EB00D5AAEF /* Main.storyboard in Resources */,
			);
			runOnlyForDeploymentPostprocessing = 0;
		};
/* End PBXResourcesBuildPhase section */

/* Begin PBXSourcesBuildPhase section */
		BA95F4E4287D74EB00D5AAEF /* Sources */ = {
			isa = PBXSourcesBuildPhase;
			buildActionMask = 2147483647;
			files = (
				BA95F503287D756600D5AAEF /* DemoVM.swift in Sources */,
				BA95F4F0287D74EB00D5AAEF /* ViewController.swift in Sources */,
				BA95F4EC287D74EB00D5AAEF /* AppDelegate.swift in Sources */,
				BA95F4EE287D74EB00D5AAEF /* SceneDelegate.swift in Sources */,
				BA95F505287D759100D5AAEF /* DemoModel.swift in Sources */,
			);
			runOnlyForDeploymentPostprocessing = 0;
		};
/* End PBXSourcesBuildPhase section */

/* Begin PBXVariantGroup section */
		BA95F4F1287D74EB00D5AAEF /* Main.storyboard */ = {
			isa = PBXVariantGroup;
			children = (
				BA95F4F2287D74EB00D5AAEF /* Base */,
			);
			name = Main.storyboard;
			sourceTree = "<group>";
		};
		BA95F4F6287D74EE00D5AAEF /* LaunchScreen.storyboard */ = {
			isa = PBXVariantGroup;
			children = (
				BA95F4F7287D74EE00D5AAEF /* Base */,
			);
			name = LaunchScreen.storyboard;
			sourceTree = "<group>";
		};
/* End PBXVariantGroup section */

/* Begin XCBuildConfiguration section */
		BA95F4FA287D74EE00D5AAEF /* Debug */ = {
			isa = XCBuildConfiguration;
			buildSettings = {
				ALWAYS_SEARCH_USER_PATHS = NO;
				CLANG_ANALYZER_NONNULL = YES;
				CLANG_ANALYZER_NUMBER_OBJECT_CONVERSION = YES_AGGRESSIVE;
				CLANG_CXX_LANGUAGE_STANDARD = "gnu++17";
				CLANG_CXX_LIBRARY = "libc++";
				CLANG_ENABLE_MODULES = YES;
				CLANG_ENABLE_OBJC_ARC = YES;
				CLANG_ENABLE_OBJC_WEAK = YES;
				CLANG_WARN_BLOCK_CAPTURE_AUTORELEASING = YES;
				CLANG_WARN_BOOL_CONVERSION = YES;
				CLANG_WARN_COMMA = YES;
				CLANG_WARN_CONSTANT_CONVERSION = YES;
				CLANG_WARN_DEPRECATED_OBJC_IMPLEMENTATIONS = YES;
				CLANG_WARN_DIRECT_OBJC_ISA_USAGE = YES_ERROR;
				CLANG_WARN_DOCUMENTATION_COMMENTS = YES;
				CLANG_WARN_EMPTY_BODY = YES;
				CLANG_WARN_ENUM_CONVERSION = YES;
				CLANG_WARN_INFINITE_RECURSION = YES;
				CLANG_WARN_INT_CONVERSION = YES;
				CLANG_WARN_NON_LITERAL_NULL_CONVERSION = YES;
				CLANG_WARN_OBJC_IMPLICIT_RETAIN_SELF = YES;
				CLANG_WARN_OBJC_LITERAL_CONVERSION = YES;
				CLANG_WARN_OBJC_ROOT_CLASS = YES_ERROR;
				CLANG_WARN_QUOTED_INCLUDE_IN_FRAMEWORK_HEADER = YES;
				CLANG_WARN_RANGE_LOOP_ANALYSIS = YES;
				CLANG_WARN_STRICT_PROTOTYPES = YES;
				CLANG_WARN_SUSPICIOUS_MOVE = YES;
				CLANG_WARN_UNGUARDED_AVAILABILITY = YES_AGGRESSIVE;
				CLANG_WARN_UNREACHABLE_CODE = YES;
				CLANG_WARN__DUPLICATE_METHOD_MATCH = YES;
				COPY_PHASE_STRIP = NO;
				DEBUG_INFORMATION_FORMAT = dwarf;
				ENABLE_STRICT_OBJC_MSGSEND = YES;
				ENABLE_TESTABILITY = YES;
				GCC_C_LANGUAGE_STANDARD = gnu11;
				GCC_DYNAMIC_NO_PIC = NO;
				GCC_NO_COMMON_BLOCKS = YES;
				GCC_OPTIMIZATION_LEVEL = 0;
				GCC_PREPROCESSOR_DEFINITIONS = (
					"DEBUG=1",
					"$(inherited)",
				);
				GCC_WARN_64_TO_32_BIT_CONVERSION = YES;
				GCC_WARN_ABOUT_RETURN_TYPE = YES_ERROR;
				GCC_WARN_UNDECLARED_SELECTOR = YES;
				GCC_WARN_UNINITIALIZED_AUTOS = YES_AGGRESSIVE;
				GCC_WARN_UNUSED_FUNCTION = YES;
				GCC_WARN_UNUSED_VARIABLE = YES;
				IPHONEOS_DEPLOYMENT_TARGET = 15.0;
				MTL_ENABLE_DEBUG_INFO = INCLUDE_SOURCE;
				MTL_FAST_MATH = YES;
				ONLY_ACTIVE_ARCH = YES;
				SDKROOT = iphoneos;
				SWIFT_ACTIVE_COMPILATION_CONDITIONS = DEBUG;
				SWIFT_OPTIMIZATION_LEVEL = "-Onone";
			};
			name = Debug;
		};
		BA95F4FB287D74EE00D5AAEF /* Release */ = {
			isa = XCBuildConfiguration;
			buildSettings = {
				ALWAYS_SEARCH_USER_PATHS = NO;
				CLANG_ANALYZER_NONNULL = YES;
				CLANG_ANALYZER_NUMBER_OBJECT_CONVERSION = YES_AGGRESSIVE;
				CLANG_CXX_LANGUAGE_STANDARD = "gnu++17";
				CLANG_CXX_LIBRARY = "libc++";
				CLANG_ENABLE_MODULES = YES;
				CLANG_ENABLE_OBJC_ARC = YES;
				CLANG_ENABLE_OBJC_WEAK = YES;
				CLANG_WARN_BLOCK_CAPTURE_AUTORELEASING = YES;
				CLANG_WARN_BOOL_CONVERSION = YES;
				CLANG_WARN_COMMA = YES;
				CLANG_WARN_CONSTANT_CONVERSION = YES;
				CLANG_WARN_DEPRECATED_OBJC_IMPLEMENTATIONS = YES;
				CLANG_WARN_DIRECT_OBJC_ISA_USAGE = YES_ERROR;
				CLANG_WARN_DOCUMENTATION_COMMENTS = YES;
				CLANG_WARN_EMPTY_BODY = YES;
				CLANG_WARN_ENUM_CONVERSION = YES;
				CLANG_WARN_INFINITE_RECURSION = YES;
				CLANG_WARN_INT_CONVERSION = YES;
				CLANG_WARN_NON_LITERAL_NULL_CONVERSION = YES;
				CLANG_WARN_OBJC_IMPLICIT_RETAIN_SELF = YES;
				CLANG_WARN_OBJC_LITERAL_CONVERSION = YES;
				CLANG_WARN_OBJC_ROOT_CLASS = YES_ERROR;
				CLANG_WARN_QUOTED_INCLUDE_IN_FRAMEWORK_HEADER = YES;
				CLANG_WARN_RANGE_LOOP_ANALYSIS = YES;
				CLANG_WARN_STRICT_PROTOTYPES = YES;
				CLANG_WARN_SUSPICIOUS_MOVE = YES;
				CLANG_WARN_UNGUARDED_AVAILABILITY = YES_AGGRESSIVE;
				CLANG_WARN_UNREACHABLE_CODE = YES;
				CLANG_WARN__DUPLICATE_METHOD_MATCH = YES;
				COPY_PHASE_STRIP = NO;
				DEBUG_INFORMATION_FORMAT = "dwarf-with-dsym";
				ENABLE_NS_ASSERTIONS = NO;
				ENABLE_STRICT_OBJC_MSGSEND = YES;
				GCC_C_LANGUAGE_STANDARD = gnu11;
				GCC_NO_COMMON_BLOCKS = YES;
				GCC_WARN_64_TO_32_BIT_CONVERSION = YES;
				GCC_WARN_ABOUT_RETURN_TYPE = YES_ERROR;
				GCC_WARN_UNDECLARED_SELECTOR = YES;
				GCC_WARN_UNINITIALIZED_AUTOS = YES_AGGRESSIVE;
				GCC_WARN_UNUSED_FUNCTION = YES;
				GCC_WARN_UNUSED_VARIABLE = YES;
				IPHONEOS_DEPLOYMENT_TARGET = 15.0;
				MTL_ENABLE_DEBUG_INFO = NO;
				MTL_FAST_MATH = YES;
				SDKROOT = iphoneos;
				SWIFT_COMPILATION_MODE = wholemodule;
				SWIFT_OPTIMIZATION_LEVEL = "-O";
				VALIDATE_PRODUCT = YES;
			};
			name = Release;
		};
		BA95F4FD287D74EE00D5AAEF /* Debug */ = {
			isa = XCBuildConfiguration;
			buildSettings = {
				ASSETCATALOG_COMPILER_APPICON_NAME = AppIcon;
				ASSETCATALOG_COMPILER_GLOBAL_ACCENT_COLOR_NAME = AccentColor;
				CODE_SIGN_STYLE = Automatic;
				CURRENT_PROJECT_VERSION = 1;
				GENERATE_INFOPLIST_FILE = YES;
				INFOPLIST_FILE = BaseCode/Info.plist;
				INFOPLIST_KEY_UIApplicationSupportsIndirectInputEvents = YES;
				INFOPLIST_KEY_UILaunchStoryboardName = LaunchScreen;
				INFOPLIST_KEY_UIMainStoryboardFile = Main;
				INFOPLIST_KEY_UISupportedInterfaceOrientations_iPad = "UIInterfaceOrientationPortrait UIInterfaceOrientationPortraitUpsideDown UIInterfaceOrientationLandscapeLeft UIInterfaceOrientationLandscapeRight";
				INFOPLIST_KEY_UISupportedInterfaceOrientations_iPhone = "UIInterfaceOrientationPortrait UIInterfaceOrientationLandscapeLeft UIInterfaceOrientationLandscapeRight";
				LD_RUNPATH_SEARCH_PATHS = (
					"$(inherited)",
					"@executable_path/Frameworks",
				);
				MARKETING_VERSION = 1.0;
				PRODUCT_BUNDLE_IDENTIFIER = com.app.baseCode.BaseCode;
				PRODUCT_NAME = "$(TARGET_NAME)";
				SWIFT_EMIT_LOC_STRINGS = YES;
				SWIFT_VERSION = 5.0;
				TARGETED_DEVICE_FAMILY = "1,2";
			};
			name = Debug;
		};
		BA95F4FE287D74EE00D5AAEF /* Release */ = {
			isa = XCBuildConfiguration;
			buildSettings = {
				ASSETCATALOG_COMPILER_APPICON_NAME = AppIcon;
				ASSETCATALOG_COMPILER_GLOBAL_ACCENT_COLOR_NAME = AccentColor;
				CODE_SIGN_STYLE = Automatic;
				CURRENT_PROJECT_VERSION = 1;
				GENERATE_INFOPLIST_FILE = YES;
				INFOPLIST_FILE = BaseCode/Info.plist;
				INFOPLIST_KEY_UIApplicationSupportsIndirectInputEvents = YES;
				INFOPLIST_KEY_UILaunchStoryboardName = LaunchScreen;
				INFOPLIST_KEY_UIMainStoryboardFile = Main;
				INFOPLIST_KEY_UISupportedInterfaceOrientations_iPad = "UIInterfaceOrientationPortrait UIInterfaceOrientationPortraitUpsideDown UIInterfaceOrientationLandscapeLeft UIInterfaceOrientationLandscapeRight";
				INFOPLIST_KEY_UISupportedInterfaceOrientations_iPhone = "UIInterfaceOrientationPortrait UIInterfaceOrientationLandscapeLeft UIInterfaceOrientationLandscapeRight";
				LD_RUNPATH_SEARCH_PATHS = (
					"$(inherited)",
					"@executable_path/Frameworks",
				);
				MARKETING_VERSION = 1.0;
				PRODUCT_BUNDLE_IDENTIFIER = com.app.baseCode.BaseCode;
				PRODUCT_NAME = "$(TARGET_NAME)";
				SWIFT_EMIT_LOC_STRINGS = YES;
				SWIFT_VERSION = 5.0;
				TARGETED_DEVICE_FAMILY = "1,2";
			};
			name = Release;
		};
/* End XCBuildConfiguration section */

/* Begin XCConfigurationList section */
		BA95F4E3287D74EB00D5AAEF /* Build configuration list for PBXProject "BaseCode" */ = {
			isa = XCConfigurationList;
			buildConfigurations = (
				BA95F4FA287D74EE00D5AAEF /* Debug */,
				BA95F4FB287D74EE00D5AAEF /* Release */,
			);
			defaultConfigurationIsVisible = 0;
			defaultConfigurationName = Release;
		};
		BA95F4FC287D74EE00D5AAEF /* Build configuration list for PBXNativeTarget "BaseCode" */ = {
			isa = XCConfigurationList;
			buildConfigurations = (
				BA95F4FD287D74EE00D5AAEF /* Debug */,
				BA95F4FE287D74EE00D5AAEF /* Release */,
			);
			defaultConfigurationIsVisible = 0;
			defaultConfigurationName = Release;
		};
/* End XCConfigurationList section */
	};
	rootObject = BA95F4E0287D74EB00D5AAEF /* Project object */;
}
