PODS:
  - Alamofire (5.2.2)
  - IQKeyboardManagerSwift (6.5.6)
  - NVActivityIndicatorView (4.8.0):
    - NVActivityIndicatorView/Presenter (= 4.8.0)
  - NVActivityIndicatorView/Presenter (4.8.0)
  - PTCardTabBar (1.0.1)
  - SDWebImage (5.9.1):
    - SDWebImage/Core (= 5.9.1)
  - SDWebImage/Core (5.9.1)

DEPENDENCIES:
  - Alamofire
  - IQKeyboardManagerSwift
  - NVActivityIndicatorView
  - PTCardTabBar
  - SDWebImage

SPEC REPOS:
  https://github.com/cocoapods/specs.git:
    - Alamofire
    - IQKeyboardManagerSwift
    - NVActivityIndicatorView
    - PTCardTabBar
    - SDWebImage

SPEC CHECKSUMS:
  Alamofire: 814429acc853c6c54ff123fc3d2ef66803823ce0
  IQKeyboardManagerSwift: c7df9d2deb356c04522f5c4b7b6e4ce4d8ed94fe
  NVActivityIndicatorView: d24b7ebcf80af5dcd994adb650e2b6c93379270f
  PTCardTabBar: 9112a6d4eb2b73da9cf4e7f3aefe04504479cf98
  SDWebImage: a990c053fff71e388a10f3357edb0be17929c9c5

PODFILE CHECKSUM: d947c5d8a4447089df97894bfce8267ec15b1abb

COCOAPODS: 1.7.5
