// !$*UTF8*$!
{
	archiveVersion = 1;
	classes = {
	};
	objectVersion = 52;
	objects = {

/* Begin PBXBuildFile section */
		5718144A2590B971003E0496 /* WebKit.framework in Frameworks */ = {isa = PBXBuildFile; fileRef = 571814492590B971003E0496 /* WebKit.framework */; };
		5718144C2590BFD4003E0496 /* ProductListCVC.swift in Sources */ = {isa = PBXBuildFile; fileRef = 5718144B2590BFD4003E0496 /* ProductListCVC.swift */; };
		5718144E2590C000003E0496 /* ProductListVC.swift in Sources */ = {isa = PBXBuildFile; fileRef = 5718144D2590C000003E0496 /* ProductListVC.swift */; };
		571814502590C01C003E0496 /* ProductListVM.swift in Sources */ = {isa = PBXBuildFile; fileRef = 5718144F2590C01C003E0496 /* ProductListVM.swift */; };
		571814522590C0ED003E0496 /* ProductDetailVC.swift in Sources */ = {isa = PBXBuildFile; fileRef = 571814512590C0ED003E0496 /* ProductDetailVC.swift */; };
		5724BB0125B6979200931D6E /* DonationVC.swift in Sources */ = {isa = PBXBuildFile; fileRef = 5724BB0025B6979200931D6E /* DonationVC.swift */; };
		5724BB0325B6BEC700931D6E /* DonationVM.swift in Sources */ = {isa = PBXBuildFile; fileRef = 5724BB0225B6BEC700931D6E /* DonationVM.swift */; };
		5729329E259AEB1500C661C7 /* BannersImagesModel.swift in Sources */ = {isa = PBXBuildFile; fileRef = 5729329D259AEB1500C661C7 /* BannersImagesModel.swift */; };
		572979DB258C65C7006A3662 /* HomeVC.swift in Sources */ = {isa = PBXBuildFile; fileRef = 572979DA258C65C7006A3662 /* HomeVC.swift */; };
		572979E8258C672E006A3662 /* HomeBannerCVC.swift in Sources */ = {isa = PBXBuildFile; fileRef = 572979E6258C672E006A3662 /* HomeBannerCVC.swift */; };
		572979E9258C672E006A3662 /* HomeBannerCVC.xib in Resources */ = {isa = PBXBuildFile; fileRef = 572979E7258C672E006A3662 /* HomeBannerCVC.xib */; };
		572979EE258C699E006A3662 /* HomeCategoryCVC.swift in Sources */ = {isa = PBXBuildFile; fileRef = 572979EC258C699E006A3662 /* HomeCategoryCVC.swift */; };
		572979EF258C699E006A3662 /* HomeCategoryCVC.xib in Resources */ = {isa = PBXBuildFile; fileRef = 572979ED258C699E006A3662 /* HomeCategoryCVC.xib */; };
		572979F4258C6BAC006A3662 /* HomeProductsCVC.swift in Sources */ = {isa = PBXBuildFile; fileRef = 572979F2258C6BAC006A3662 /* HomeProductsCVC.swift */; };
		572979F5258C6BAC006A3662 /* HomeProductsCVC.xib in Resources */ = {isa = PBXBuildFile; fileRef = 572979F3258C6BAC006A3662 /* HomeProductsCVC.xib */; };
		572979FC258C6E54006A3662 /* HomeTrendingCVC.swift in Sources */ = {isa = PBXBuildFile; fileRef = 572979FA258C6E54006A3662 /* HomeTrendingCVC.swift */; };
		572979FD258C6E54006A3662 /* HomeTrendingCVC.xib in Resources */ = {isa = PBXBuildFile; fileRef = 572979FB258C6E54006A3662 /* HomeTrendingCVC.xib */; };
		572979FF258C74B7006A3662 /* HomeHeaderTVC.swift in Sources */ = {isa = PBXBuildFile; fileRef = 572979FE258C74B7006A3662 /* HomeHeaderTVC.swift */; };
		57297A01258C750C006A3662 /* HomeTVC.swift in Sources */ = {isa = PBXBuildFile; fileRef = 57297A00258C750C006A3662 /* HomeTVC.swift */; };
		57297A03258C75FF006A3662 /* HomeVM.swift in Sources */ = {isa = PBXBuildFile; fileRef = 57297A02258C75FF006A3662 /* HomeVM.swift */; };
		57297A05258C8A82006A3662 /* VideosVC.swift in Sources */ = {isa = PBXBuildFile; fileRef = 57297A04258C8A82006A3662 /* VideosVC.swift */; };
		57297A07258C8B6A006A3662 /* VideosVM.swift in Sources */ = {isa = PBXBuildFile; fileRef = 57297A06258C8B6A006A3662 /* VideosVM.swift */; };
		57297A09258C8B90006A3662 /* VideosTVC.swift in Sources */ = {isa = PBXBuildFile; fileRef = 57297A08258C8B90006A3662 /* VideosTVC.swift */; };
		57297A0B258C90E5006A3662 /* DrawerVM.swift in Sources */ = {isa = PBXBuildFile; fileRef = 57297A0A258C90E5006A3662 /* DrawerVM.swift */; };
		57297A0D258C9100006A3662 /* DrawerTVC.swift in Sources */ = {isa = PBXBuildFile; fileRef = 57297A0C258C9100006A3662 /* DrawerTVC.swift */; };
		57297A11258C96EF006A3662 /* OrderDetailVC.swift in Sources */ = {isa = PBXBuildFile; fileRef = 57297A10258C96EF006A3662 /* OrderDetailVC.swift */; };
		57297A19258CB528006A3662 /* MainTBC.swift in Sources */ = {isa = PBXBuildFile; fileRef = 57297A18258CB528006A3662 /* MainTBC.swift */; };
		57297A1B258CBCB5006A3662 /* LoginVM.swift in Sources */ = {isa = PBXBuildFile; fileRef = 57297A1A258CBCB5006A3662 /* LoginVM.swift */; };
		57297A1D258CBD25006A3662 /* ForgotPasswordVM.swift in Sources */ = {isa = PBXBuildFile; fileRef = 57297A1C258CBD25006A3662 /* ForgotPasswordVM.swift */; };
		57297A1F258CCEC7006A3662 /* DoctorVC.swift in Sources */ = {isa = PBXBuildFile; fileRef = 57297A1E258CCEC7006A3662 /* DoctorVC.swift */; };
		57297A21258CDD29006A3662 /* CharityVC.swift in Sources */ = {isa = PBXBuildFile; fileRef = 57297A20258CDD29006A3662 /* CharityVC.swift */; };
		572A384925B54DE500FCABEF /* OrderListModel.swift in Sources */ = {isa = PBXBuildFile; fileRef = 572A384825B54DE500FCABEF /* OrderListModel.swift */; };
		572A384B25B5570F00FCABEF /* OrderDetailVM.swift in Sources */ = {isa = PBXBuildFile; fileRef = 572A384A25B5570F00FCABEF /* OrderDetailVM.swift */; };
		572A384D25B5622C00FCABEF /* CharityVM.swift in Sources */ = {isa = PBXBuildFile; fileRef = 572A384C25B5622C00FCABEF /* CharityVM.swift */; };
		572A384F25B564CB00FCABEF /* CharityDetailModel.swift in Sources */ = {isa = PBXBuildFile; fileRef = 572A384E25B564CB00FCABEF /* CharityDetailModel.swift */; };
		572A385125B56C3B00FCABEF /* NotificationListModel.swift in Sources */ = {isa = PBXBuildFile; fileRef = 572A385025B56C3B00FCABEF /* NotificationListModel.swift */; };
		572A385325B5A1DC00FCABEF /* PaymentWebViewVC.swift in Sources */ = {isa = PBXBuildFile; fileRef = 572A385225B5A1DB00FCABEF /* PaymentWebViewVC.swift */; };
		572A385525B5A26800FCABEF /* PaymentWebViewVM.swift in Sources */ = {isa = PBXBuildFile; fileRef = 572A385425B5A26800FCABEF /* PaymentWebViewVM.swift */; };
		572A98962591B4B900B30660 /* CustomGalleryClass.swift in Sources */ = {isa = PBXBuildFile; fileRef = 572A98952591B4B900B30660 /* CustomGalleryClass.swift */; };
		572A989C2591B4ED00B30660 /* GetFeaturesService.swift in Sources */ = {isa = PBXBuildFile; fileRef = 572A98972591B4ED00B30660 /* GetFeaturesService.swift */; };
		572A989D2591B4ED00B30660 /* ImagesService.swift in Sources */ = {isa = PBXBuildFile; fileRef = 572A98982591B4ED00B30660 /* ImagesService.swift */; };
		572A989E2591B4ED00B30660 /* SettingsManager.swift in Sources */ = {isa = PBXBuildFile; fileRef = 572A98992591B4ED00B30660 /* SettingsManager.swift */; };
		572A989F2591B4ED00B30660 /* AppSettings.plist in Resources */ = {isa = PBXBuildFile; fileRef = 572A989A2591B4ED00B30660 /* AppSettings.plist */; };
		572A98A02591B4ED00B30660 /* AccountService.swift in Sources */ = {isa = PBXBuildFile; fileRef = 572A989B2591B4ED00B30660 /* AccountService.swift */; };
		572A98A22591B52B00B30660 /* RequestModel.swift in Sources */ = {isa = PBXBuildFile; fileRef = 572A98A12591B52B00B30660 /* RequestModel.swift */; };
		572A98A42591B58B00B30660 /* WebServiceProxy.swift in Sources */ = {isa = PBXBuildFile; fileRef = 572A98A32591B58B00B30660 /* WebServiceProxy.swift */; };
		572A98A62591B5FE00B30660 /* ASToast.swift in Sources */ = {isa = PBXBuildFile; fileRef = 572A98A52591B5FE00B30660 /* ASToast.swift */; };
		572A98A82591B67100B30660 /* UserModel.swift in Sources */ = {isa = PBXBuildFile; fileRef = 572A98A72591B67100B30660 /* UserModel.swift */; };
		572A98AA2591B70200B30660 /* ContactUsVM.swift in Sources */ = {isa = PBXBuildFile; fileRef = 572A98A92591B70200B30660 /* ContactUsVM.swift */; };
		572A98AC2591B76900B30660 /* ChangePasswordVM.swift in Sources */ = {isa = PBXBuildFile; fileRef = 572A98AB2591B76900B30660 /* ChangePasswordVM.swift */; };
		572A98AE2591B8B100B30660 /* SplashVM.swift in Sources */ = {isa = PBXBuildFile; fileRef = 572A98AD2591B8B100B30660 /* SplashVM.swift */; };
		572A98B02591BF1700B30660 /* UpdateProfileVM.swift in Sources */ = {isa = PBXBuildFile; fileRef = 572A98AF2591BF1700B30660 /* UpdateProfileVM.swift */; };
		572A98B22591C39D00B30660 /* SettingsVM.swift in Sources */ = {isa = PBXBuildFile; fileRef = 572A98B12591C39D00B30660 /* SettingsVM.swift */; };
		572A98BC2591C72300B30660 /* CountryListVC.swift in Sources */ = {isa = PBXBuildFile; fileRef = 572A98BB2591C72300B30660 /* CountryListVC.swift */; };
		572A98BE2591C73D00B30660 /* CountryListVM.swift in Sources */ = {isa = PBXBuildFile; fileRef = 572A98BD2591C73D00B30660 /* CountryListVM.swift */; };
		572A98C02591C75D00B30660 /* CountryListTVC.swift in Sources */ = {isa = PBXBuildFile; fileRef = 572A98BF2591C75D00B30660 /* CountryListTVC.swift */; };
		572A98C22591C9A100B30660 /* CountryListModel.swift in Sources */ = {isa = PBXBuildFile; fileRef = 572A98C12591C9A100B30660 /* CountryListModel.swift */; };
		572A98C42591DE7F00B30660 /* VideosModel.swift in Sources */ = {isa = PBXBuildFile; fileRef = 572A98C32591DE7F00B30660 /* VideosModel.swift */; };
		572A9A9B25B81A2700AAAB43 /* SearchListVC.swift in Sources */ = {isa = PBXBuildFile; fileRef = 572A9A9A25B81A2700AAAB43 /* SearchListVC.swift */; };
		572A9A9D25B83C6F00AAAB43 /* SearchListVM.swift in Sources */ = {isa = PBXBuildFile; fileRef = 572A9A9C25B83C6F00AAAB43 /* SearchListVM.swift */; };
		572BCC00259CAB8E005A1060 /* CoreData.framework in Frameworks */ = {isa = PBXBuildFile; fileRef = 572BCBFF259CAB8E005A1060 /* CoreData.framework */; };
		572BCC04259CAC35005A1060 /* tracol.xcdatamodeld in Sources */ = {isa = PBXBuildFile; fileRef = 572BCC02259CAC35005A1060 /* tracol.xcdatamodeld */; };
		572C72DF25D133310021A5D6 /* OrderDetailModel.swift in Sources */ = {isa = PBXBuildFile; fileRef = 572C72DE25D133300021A5D6 /* OrderDetailModel.swift */; };
		572C9DA825A58269005C5E89 /* Lottie in Frameworks */ = {isa = PBXBuildFile; productRef = 572C9DA725A58269005C5E89 /* Lottie */; };
		572ECB2E259344F400E1BDCB /* PackagesListModel.swift in Sources */ = {isa = PBXBuildFile; fileRef = 572ECB2D259344F400E1BDCB /* PackagesListModel.swift */; };
		572F4697259A155400FD910C /* ProductDetailVM.swift in Sources */ = {isa = PBXBuildFile; fileRef = 572F4696259A155400FD910C /* ProductDetailVM.swift */; };
		5733177625B00C8300A028CA /* AddressListModel.swift in Sources */ = {isa = PBXBuildFile; fileRef = 5733177525B00C8300A028CA /* AddressListModel.swift */; };
		5733177825B05A0D00A028CA /* PaymentDetailVC.swift in Sources */ = {isa = PBXBuildFile; fileRef = 5733177725B05A0D00A028CA /* PaymentDetailVC.swift */; };
		5733177A25B05E3700A028CA /* PaymentDetailVM.swift in Sources */ = {isa = PBXBuildFile; fileRef = 5733177925B05E3700A028CA /* PaymentDetailVM.swift */; };
		5733177C25B05E5700A028CA /* PaymentDetailTVC.swift in Sources */ = {isa = PBXBuildFile; fileRef = 5733177B25B05E5700A028CA /* PaymentDetailTVC.swift */; };
		57352B6325B93B25006E57F5 /* SYBadgeButton.swift in Sources */ = {isa = PBXBuildFile; fileRef = 57352B6225B93B25006E57F5 /* SYBadgeButton.swift */; };
		573B39A025C3CB59009BE55E /* KRTabBarItem.swift in Sources */ = {isa = PBXBuildFile; fileRef = 573B399E25C3CB59009BE55E /* KRTabBarItem.swift */; };
		573B39A125C3CB59009BE55E /* KRTabBarController.swift in Sources */ = {isa = PBXBuildFile; fileRef = 573B399F25C3CB59009BE55E /* KRTabBarController.swift */; };
		57406808258B14D800B17393 /* AppDelegate.swift in Sources */ = {isa = PBXBuildFile; fileRef = 57406807258B14D800B17393 /* AppDelegate.swift */; };
		5740680A258B14D800B17393 /* SceneDelegate.swift in Sources */ = {isa = PBXBuildFile; fileRef = 57406809258B14D800B17393 /* SceneDelegate.swift */; };
		5740680F258B14D800B17393 /* Main.storyboard in Resources */ = {isa = PBXBuildFile; fileRef = 5740680D258B14D800B17393 /* Main.storyboard */; };
		57406811258B14DE00B17393 /* Assets.xcassets in Resources */ = {isa = PBXBuildFile; fileRef = 57406810258B14DE00B17393 /* Assets.xcassets */; };
		57406814258B14DE00B17393 /* LaunchScreen.storyboard in Resources */ = {isa = PBXBuildFile; fileRef = 57406812258B14DE00B17393 /* LaunchScreen.storyboard */; };
		5740681F258B14DE00B17393 /* tracol_food_delivery_ios_1479Tests.swift in Sources */ = {isa = PBXBuildFile; fileRef = 5740681E258B14DE00B17393 /* tracol_food_delivery_ios_1479Tests.swift */; };
		5740682A258B14DE00B17393 /* tracol_food_delivery_ios_1479UITests.swift in Sources */ = {isa = PBXBuildFile; fileRef = 57406829258B14DE00B17393 /* tracol_food_delivery_ios_1479UITests.swift */; };
		57406840258B175600B17393 /* SplashVC.swift in Sources */ = {isa = PBXBuildFile; fileRef = 5740683F258B175600B17393 /* SplashVC.swift */; };
		57406842258B183B00B17393 /* LoginVC.swift in Sources */ = {isa = PBXBuildFile; fileRef = 57406841258B183B00B17393 /* LoginVC.swift */; };
		57406844258B187F00B17393 /* ForgotPasswordVC.swift in Sources */ = {isa = PBXBuildFile; fileRef = 57406843258B187F00B17393 /* ForgotPasswordVC.swift */; };
		57406846258B18A300B17393 /* MyProfileVC.swift in Sources */ = {isa = PBXBuildFile; fileRef = 57406845258B18A300B17393 /* MyProfileVC.swift */; };
		5740684C258B1D2700B17393 /* Montserrat-Bold.otf in Resources */ = {isa = PBXBuildFile; fileRef = 57406848258B1D2700B17393 /* Montserrat-Bold.otf */; };
		5740684D258B1D2700B17393 /* Montserrat-Medium.otf in Resources */ = {isa = PBXBuildFile; fileRef = 57406849258B1D2700B17393 /* Montserrat-Medium.otf */; };
		5740684E258B1D2700B17393 /* Montserrat-Regular.otf in Resources */ = {isa = PBXBuildFile; fileRef = 5740684A258B1D2700B17393 /* Montserrat-Regular.otf */; };
		5740684F258B1D2700B17393 /* Montserrat-SemiBold.otf in Resources */ = {isa = PBXBuildFile; fileRef = 5740684B258B1D2700B17393 /* Montserrat-SemiBold.otf */; };
		57406853258B1D7000B17393 /* Extensions.swift in Sources */ = {isa = PBXBuildFile; fileRef = 57406851258B1D7000B17393 /* Extensions.swift */; };
		57406854258B1D7000B17393 /* ViewExtenstions.swift in Sources */ = {isa = PBXBuildFile; fileRef = 57406852258B1D7000B17393 /* ViewExtenstions.swift */; };
		57406858258B229D00B17393 /* AlertMessagesConstant.swift in Sources */ = {isa = PBXBuildFile; fileRef = 57406855258B229D00B17393 /* AlertMessagesConstant.swift */; };
		57406859258B229D00B17393 /* RootControllerProxy.swift in Sources */ = {isa = PBXBuildFile; fileRef = 57406856258B229D00B17393 /* RootControllerProxy.swift */; };
		5740685A258B229D00B17393 /* SlideMenuController.swift in Sources */ = {isa = PBXBuildFile; fileRef = 57406857258B229D00B17393 /* SlideMenuController.swift */; };
		5740685C258B231200B17393 /* Constants.swift in Sources */ = {isa = PBXBuildFile; fileRef = 5740685B258B231200B17393 /* Constants.swift */; };
		5740685E258B234A00B17393 /* Proxy.swift in Sources */ = {isa = PBXBuildFile; fileRef = 5740685D258B234A00B17393 /* Proxy.swift */; };
		57406860258B23E700B17393 /* DrawerVC.swift in Sources */ = {isa = PBXBuildFile; fileRef = 5740685F258B23E700B17393 /* DrawerVC.swift */; };
		57406862258B2DC700B17393 /* PaymentMethodVC.swift in Sources */ = {isa = PBXBuildFile; fileRef = 57406861258B2DC700B17393 /* PaymentMethodVC.swift */; };
		57406864258B2DE300B17393 /* PaymentMethodVM.swift in Sources */ = {isa = PBXBuildFile; fileRef = 57406863258B2DE300B17393 /* PaymentMethodVM.swift */; };
		57406866258B2E0200B17393 /* PaymentMethodTVC.swift in Sources */ = {isa = PBXBuildFile; fileRef = 57406865258B2E0100B17393 /* PaymentMethodTVC.swift */; };
		57406868258B33E900B17393 /* MyOrdersVC.swift in Sources */ = {isa = PBXBuildFile; fileRef = 57406867258B33E900B17393 /* MyOrdersVC.swift */; };
		5740686A258B340900B17393 /* MyOrdersVM.swift in Sources */ = {isa = PBXBuildFile; fileRef = 57406869258B340900B17393 /* MyOrdersVM.swift */; };
		5740686C258B343600B17393 /* MyOrdersTVC.swift in Sources */ = {isa = PBXBuildFile; fileRef = 5740686B258B343600B17393 /* MyOrdersTVC.swift */; };
		5740686E258B3D0800B17393 /* NotificationsVC.swift in Sources */ = {isa = PBXBuildFile; fileRef = 5740686D258B3D0800B17393 /* NotificationsVC.swift */; };
		57406870258B3D2600B17393 /* NotificationsVM.swift in Sources */ = {isa = PBXBuildFile; fileRef = 5740686F258B3D2600B17393 /* NotificationsVM.swift */; };
		57406872258B3E2C00B17393 /* NotificationsTVC.swift in Sources */ = {isa = PBXBuildFile; fileRef = 57406871258B3E2C00B17393 /* NotificationsTVC.swift */; };
		57406874258B439000B17393 /* UpdateProfileVC.swift in Sources */ = {isa = PBXBuildFile; fileRef = 57406873258B439000B17393 /* UpdateProfileVC.swift */; };
		57406876258B4DED00B17393 /* ChangePasswordVC.swift in Sources */ = {isa = PBXBuildFile; fileRef = 57406875258B4DED00B17393 /* ChangePasswordVC.swift */; };
		57406878258B4E0C00B17393 /* ContactUsVC.swift in Sources */ = {isa = PBXBuildFile; fileRef = 57406877258B4E0C00B17393 /* ContactUsVC.swift */; };
		5740687A258B5CC400B17393 /* AboutUsVC.swift in Sources */ = {isa = PBXBuildFile; fileRef = 57406879258B5CC400B17393 /* AboutUsVC.swift */; };
		5740687C258B5E2A00B17393 /* AboutUsVM.swift in Sources */ = {isa = PBXBuildFile; fileRef = 5740687B258B5E2A00B17393 /* AboutUsVM.swift */; };
		5740687E258B611900B17393 /* SettingsVC.swift in Sources */ = {isa = PBXBuildFile; fileRef = 5740687D258B611900B17393 /* SettingsVC.swift */; };
		57406880258B66DD00B17393 /* WishListVC.swift in Sources */ = {isa = PBXBuildFile; fileRef = 5740687F258B66DD00B17393 /* WishListVC.swift */; };
		57406882258B670000B17393 /* WishListVM.swift in Sources */ = {isa = PBXBuildFile; fileRef = 57406881258B670000B17393 /* WishListVM.swift */; };
		57406884258B672500B17393 /* WishListCVC.swift in Sources */ = {isa = PBXBuildFile; fileRef = 57406883258B672500B17393 /* WishListCVC.swift */; };
		57406886258B6E7800B17393 /* FloatRatingView.swift in Sources */ = {isa = PBXBuildFile; fileRef = 57406885258B6E7800B17393 /* FloatRatingView.swift */; };
		57406888258B711200B17393 /* AddCartVC.swift in Sources */ = {isa = PBXBuildFile; fileRef = 57406887258B711200B17393 /* AddCartVC.swift */; };
		5740688A258B71FA00B17393 /* AddCartVM.swift in Sources */ = {isa = PBXBuildFile; fileRef = 57406889258B71FA00B17393 /* AddCartVM.swift */; };
		5740688C258B722500B17393 /* AddCartTVC.swift in Sources */ = {isa = PBXBuildFile; fileRef = 5740688B258B722500B17393 /* AddCartTVC.swift */; };
		5740688E258B80A900B17393 /* CheckOutVC.swift in Sources */ = {isa = PBXBuildFile; fileRef = 5740688D258B80A900B17393 /* CheckOutVC.swift */; };
		5747AEC725D26CC6003952F9 /* CharityListVC.swift in Sources */ = {isa = PBXBuildFile; fileRef = 5747AEC625D26CC6003952F9 /* CharityListVC.swift */; };
		5747AEC925D26CE1003952F9 /* CharityListVM.swift in Sources */ = {isa = PBXBuildFile; fileRef = 5747AEC825D26CE1003952F9 /* CharityListVM.swift */; };
		5747AECB25D26D29003952F9 /* CharityTVC.swift in Sources */ = {isa = PBXBuildFile; fileRef = 5747AECA25D26D29003952F9 /* CharityTVC.swift */; };
		5748EB83259DBA24007B2C2C /* CardAddVC.swift in Sources */ = {isa = PBXBuildFile; fileRef = 5748EB82259DBA24007B2C2C /* CardAddVC.swift */; };
		5748EB85259DBA48007B2C2C /* CardAddVM.swift in Sources */ = {isa = PBXBuildFile; fileRef = 5748EB84259DBA48007B2C2C /* CardAddVM.swift */; };
		5748EB87259DCF64007B2C2C /* CardListModel.swift in Sources */ = {isa = PBXBuildFile; fileRef = 5748EB86259DCF63007B2C2C /* CardListModel.swift */; };
		5763429225AEBFEA00DE3D80 /* AddAdressVC.swift in Sources */ = {isa = PBXBuildFile; fileRef = 5763429125AEBFEA00DE3D80 /* AddAdressVC.swift */; };
		5763429E25AED1D500DE3D80 /* AddressListVC.swift in Sources */ = {isa = PBXBuildFile; fileRef = 5763429D25AED1D500DE3D80 /* AddressListVC.swift */; };
		576342A025AED21D00DE3D80 /* AddressListTVC.swift in Sources */ = {isa = PBXBuildFile; fileRef = 5763429F25AED21D00DE3D80 /* AddressListTVC.swift */; };
		576342A225AED26900DE3D80 /* AddressListVM.swift in Sources */ = {isa = PBXBuildFile; fileRef = 576342A125AED26900DE3D80 /* AddressListVM.swift */; };
		576342A625AF167700DE3D80 /* AddAddressVM.swift in Sources */ = {isa = PBXBuildFile; fileRef = 576342A525AF167700DE3D80 /* AddAddressVM.swift */; };
		57CF1A7C25A2DBEB00C7BFDB /* CheckOutVM.swift in Sources */ = {isa = PBXBuildFile; fileRef = 57CF1A7B25A2DBEB00C7BFDB /* CheckOutVM.swift */; };
		57CF1A8025A32A2100C7BFDB /* CheckOutFooterTVC.swift in Sources */ = {isa = PBXBuildFile; fileRef = 57CF1A7F25A32A2100C7BFDB /* CheckOutFooterTVC.swift */; };
		57E710FC25BE8D3F00E2484A /* VideosCVC.swift in Sources */ = {isa = PBXBuildFile; fileRef = 57E710FB25BE8D3F00E2484A /* VideosCVC.swift */; };
		57E710FE25BE96D400E2484A /* ConnectsVC.swift in Sources */ = {isa = PBXBuildFile; fileRef = 57E710FD25BE96D400E2484A /* ConnectsVC.swift */; };
		5FBE007D82640B5370F3EABE /* Pods_tracol_food_delivery_ios_1479.framework in Frameworks */ = {isa = PBXBuildFile; fileRef = 19906FFECE8CCE4958250D3F /* Pods_tracol_food_delivery_ios_1479.framework */; };
		73189CF925A7377500254BC7 /* Watermelon.json in Resources */ = {isa = PBXBuildFile; fileRef = 73189CF825A7377500254BC7 /* Watermelon.json */; };
/* End PBXBuildFile section */

/* Begin PBXContainerItemProxy section */
		5740681B258B14DE00B17393 /* PBXContainerItemProxy */ = {
			isa = PBXContainerItemProxy;
			containerPortal = 574067FC258B14D800B17393 /* Project object */;
			proxyType = 1;
			remoteGlobalIDString = 57406803258B14D800B17393;
			remoteInfo = "tracol-food-delivery-ios-1479";
		};
		57406826258B14DE00B17393 /* PBXContainerItemProxy */ = {
			isa = PBXContainerItemProxy;
			containerPortal = 574067FC258B14D800B17393 /* Project object */;
			proxyType = 1;
			remoteGlobalIDString = 57406803258B14D800B17393;
			remoteInfo = "tracol-food-delivery-ios-1479";
		};
/* End PBXContainerItemProxy section */

/* Begin PBXFileReference section */
		19906FFECE8CCE4958250D3F /* Pods_tracol_food_delivery_ios_1479.framework */ = {isa = PBXFileReference; explicitFileType = wrapper.framework; includeInIndex = 0; path = Pods_tracol_food_delivery_ios_1479.framework; sourceTree = BUILT_PRODUCTS_DIR; };
		571814492590B971003E0496 /* WebKit.framework */ = {isa = PBXFileReference; lastKnownFileType = wrapper.framework; name = WebKit.framework; path = System/Library/Frameworks/WebKit.framework; sourceTree = SDKROOT; };
		5718144B2590BFD4003E0496 /* ProductListCVC.swift */ = {isa = PBXFileReference; fileEncoding = 4; lastKnownFileType = sourcecode.swift; path = ProductListCVC.swift; sourceTree = "<group>"; };
		5718144D2590C000003E0496 /* ProductListVC.swift */ = {isa = PBXFileReference; fileEncoding = 4; lastKnownFileType = sourcecode.swift; path = ProductListVC.swift; sourceTree = "<group>"; };
		5718144F2590C01C003E0496 /* ProductListVM.swift */ = {isa = PBXFileReference; fileEncoding = 4; lastKnownFileType = sourcecode.swift; path = ProductListVM.swift; sourceTree = "<group>"; };
		571814512590C0ED003E0496 /* ProductDetailVC.swift */ = {isa = PBXFileReference; lastKnownFileType = sourcecode.swift; path = ProductDetailVC.swift; sourceTree = "<group>"; };
		5724BB0025B6979200931D6E /* DonationVC.swift */ = {isa = PBXFileReference; lastKnownFileType = sourcecode.swift; path = DonationVC.swift; sourceTree = "<group>"; };
		5724BB0225B6BEC700931D6E /* DonationVM.swift */ = {isa = PBXFileReference; lastKnownFileType = sourcecode.swift; path = DonationVM.swift; sourceTree = "<group>"; };
		5729329D259AEB1500C661C7 /* BannersImagesModel.swift */ = {isa = PBXFileReference; fileEncoding = 4; lastKnownFileType = sourcecode.swift; path = BannersImagesModel.swift; sourceTree = "<group>"; };
		572979DA258C65C7006A3662 /* HomeVC.swift */ = {isa = PBXFileReference; lastKnownFileType = sourcecode.swift; path = HomeVC.swift; sourceTree = "<group>"; };
		572979E6258C672E006A3662 /* HomeBannerCVC.swift */ = {isa = PBXFileReference; lastKnownFileType = sourcecode.swift; path = HomeBannerCVC.swift; sourceTree = "<group>"; };
		572979E7258C672E006A3662 /* HomeBannerCVC.xib */ = {isa = PBXFileReference; lastKnownFileType = file.xib; path = HomeBannerCVC.xib; sourceTree = "<group>"; };
		572979EC258C699E006A3662 /* HomeCategoryCVC.swift */ = {isa = PBXFileReference; lastKnownFileType = sourcecode.swift; path = HomeCategoryCVC.swift; sourceTree = "<group>"; };
		572979ED258C699E006A3662 /* HomeCategoryCVC.xib */ = {isa = PBXFileReference; lastKnownFileType = file.xib; path = HomeCategoryCVC.xib; sourceTree = "<group>"; };
		572979F2258C6BAC006A3662 /* HomeProductsCVC.swift */ = {isa = PBXFileReference; lastKnownFileType = sourcecode.swift; path = HomeProductsCVC.swift; sourceTree = "<group>"; };
		572979F3258C6BAC006A3662 /* HomeProductsCVC.xib */ = {isa = PBXFileReference; lastKnownFileType = file.xib; path = HomeProductsCVC.xib; sourceTree = "<group>"; };
		572979FA258C6E54006A3662 /* HomeTrendingCVC.swift */ = {isa = PBXFileReference; lastKnownFileType = sourcecode.swift; path = HomeTrendingCVC.swift; sourceTree = "<group>"; };
		572979FB258C6E54006A3662 /* HomeTrendingCVC.xib */ = {isa = PBXFileReference; lastKnownFileType = file.xib; path = HomeTrendingCVC.xib; sourceTree = "<group>"; };
		572979FE258C74B7006A3662 /* HomeHeaderTVC.swift */ = {isa = PBXFileReference; lastKnownFileType = sourcecode.swift; path = HomeHeaderTVC.swift; sourceTree = "<group>"; };
		57297A00258C750C006A3662 /* HomeTVC.swift */ = {isa = PBXFileReference; lastKnownFileType = sourcecode.swift; path = HomeTVC.swift; sourceTree = "<group>"; };
		57297A02258C75FF006A3662 /* HomeVM.swift */ = {isa = PBXFileReference; lastKnownFileType = sourcecode.swift; path = HomeVM.swift; sourceTree = "<group>"; };
		57297A04258C8A82006A3662 /* VideosVC.swift */ = {isa = PBXFileReference; lastKnownFileType = sourcecode.swift; path = VideosVC.swift; sourceTree = "<group>"; };
		57297A06258C8B6A006A3662 /* VideosVM.swift */ = {isa = PBXFileReference; lastKnownFileType = sourcecode.swift; path = VideosVM.swift; sourceTree = "<group>"; };
		57297A08258C8B90006A3662 /* VideosTVC.swift */ = {isa = PBXFileReference; lastKnownFileType = sourcecode.swift; path = VideosTVC.swift; sourceTree = "<group>"; };
		57297A0A258C90E5006A3662 /* DrawerVM.swift */ = {isa = PBXFileReference; lastKnownFileType = sourcecode.swift; path = DrawerVM.swift; sourceTree = "<group>"; };
		57297A0C258C9100006A3662 /* DrawerTVC.swift */ = {isa = PBXFileReference; lastKnownFileType = sourcecode.swift; path = DrawerTVC.swift; sourceTree = "<group>"; };
		57297A10258C96EF006A3662 /* OrderDetailVC.swift */ = {isa = PBXFileReference; lastKnownFileType = sourcecode.swift; path = OrderDetailVC.swift; sourceTree = "<group>"; };
		57297A18258CB528006A3662 /* MainTBC.swift */ = {isa = PBXFileReference; lastKnownFileType = sourcecode.swift; path = MainTBC.swift; sourceTree = "<group>"; };
		57297A1A258CBCB5006A3662 /* LoginVM.swift */ = {isa = PBXFileReference; lastKnownFileType = sourcecode.swift; path = LoginVM.swift; sourceTree = "<group>"; };
		57297A1C258CBD25006A3662 /* ForgotPasswordVM.swift */ = {isa = PBXFileReference; lastKnownFileType = sourcecode.swift; path = ForgotPasswordVM.swift; sourceTree = "<group>"; };
		57297A1E258CCEC7006A3662 /* DoctorVC.swift */ = {isa = PBXFileReference; lastKnownFileType = sourcecode.swift; path = DoctorVC.swift; sourceTree = "<group>"; };
		57297A20258CDD29006A3662 /* CharityVC.swift */ = {isa = PBXFileReference; lastKnownFileType = sourcecode.swift; path = CharityVC.swift; sourceTree = "<group>"; };
		572A384825B54DE500FCABEF /* OrderListModel.swift */ = {isa = PBXFileReference; fileEncoding = 4; lastKnownFileType = sourcecode.swift; path = OrderListModel.swift; sourceTree = "<group>"; };
		572A384A25B5570F00FCABEF /* OrderDetailVM.swift */ = {isa = PBXFileReference; lastKnownFileType = sourcecode.swift; path = OrderDetailVM.swift; sourceTree = "<group>"; };
		572A384C25B5622C00FCABEF /* CharityVM.swift */ = {isa = PBXFileReference; lastKnownFileType = sourcecode.swift; path = CharityVM.swift; sourceTree = "<group>"; };
		572A384E25B564CB00FCABEF /* CharityDetailModel.swift */ = {isa = PBXFileReference; fileEncoding = 4; lastKnownFileType = sourcecode.swift; path = CharityDetailModel.swift; sourceTree = "<group>"; };
		572A385025B56C3B00FCABEF /* NotificationListModel.swift */ = {isa = PBXFileReference; fileEncoding = 4; lastKnownFileType = sourcecode.swift; path = NotificationListModel.swift; sourceTree = "<group>"; };
		572A385225B5A1DB00FCABEF /* PaymentWebViewVC.swift */ = {isa = PBXFileReference; fileEncoding = 4; lastKnownFileType = sourcecode.swift; path = PaymentWebViewVC.swift; sourceTree = "<group>"; };
		572A385425B5A26800FCABEF /* PaymentWebViewVM.swift */ = {isa = PBXFileReference; fileEncoding = 4; lastKnownFileType = sourcecode.swift; path = PaymentWebViewVM.swift; sourceTree = "<group>"; };
		572A98952591B4B900B30660 /* CustomGalleryClass.swift */ = {isa = PBXFileReference; fileEncoding = 4; lastKnownFileType = sourcecode.swift; path = CustomGalleryClass.swift; sourceTree = "<group>"; };
		572A98972591B4ED00B30660 /* GetFeaturesService.swift */ = {isa = PBXFileReference; fileEncoding = 4; lastKnownFileType = sourcecode.swift; path = GetFeaturesService.swift; sourceTree = "<group>"; };
		572A98982591B4ED00B30660 /* ImagesService.swift */ = {isa = PBXFileReference; fileEncoding = 4; lastKnownFileType = sourcecode.swift; path = ImagesService.swift; sourceTree = "<group>"; };
		572A98992591B4ED00B30660 /* SettingsManager.swift */ = {isa = PBXFileReference; fileEncoding = 4; lastKnownFileType = sourcecode.swift; path = SettingsManager.swift; sourceTree = "<group>"; };
		572A989A2591B4ED00B30660 /* AppSettings.plist */ = {isa = PBXFileReference; fileEncoding = 4; lastKnownFileType = text.plist.xml; path = AppSettings.plist; sourceTree = "<group>"; };
		572A989B2591B4ED00B30660 /* AccountService.swift */ = {isa = PBXFileReference; fileEncoding = 4; lastKnownFileType = sourcecode.swift; path = AccountService.swift; sourceTree = "<group>"; };
		572A98A12591B52B00B30660 /* RequestModel.swift */ = {isa = PBXFileReference; fileEncoding = 4; lastKnownFileType = sourcecode.swift; path = RequestModel.swift; sourceTree = "<group>"; };
		572A98A32591B58B00B30660 /* WebServiceProxy.swift */ = {isa = PBXFileReference; fileEncoding = 4; lastKnownFileType = sourcecode.swift; path = WebServiceProxy.swift; sourceTree = "<group>"; };
		572A98A52591B5FE00B30660 /* ASToast.swift */ = {isa = PBXFileReference; fileEncoding = 4; lastKnownFileType = sourcecode.swift; path = ASToast.swift; sourceTree = "<group>"; };
		572A98A72591B67100B30660 /* UserModel.swift */ = {isa = PBXFileReference; fileEncoding = 4; lastKnownFileType = sourcecode.swift; path = UserModel.swift; sourceTree = "<group>"; };
		572A98A92591B70200B30660 /* ContactUsVM.swift */ = {isa = PBXFileReference; lastKnownFileType = sourcecode.swift; path = ContactUsVM.swift; sourceTree = "<group>"; };
		572A98AB2591B76900B30660 /* ChangePasswordVM.swift */ = {isa = PBXFileReference; lastKnownFileType = sourcecode.swift; path = ChangePasswordVM.swift; sourceTree = "<group>"; };
		572A98AD2591B8B100B30660 /* SplashVM.swift */ = {isa = PBXFileReference; lastKnownFileType = sourcecode.swift; path = SplashVM.swift; sourceTree = "<group>"; };
		572A98AF2591BF1700B30660 /* UpdateProfileVM.swift */ = {isa = PBXFileReference; lastKnownFileType = sourcecode.swift; path = UpdateProfileVM.swift; sourceTree = "<group>"; };
		572A98B12591C39D00B30660 /* SettingsVM.swift */ = {isa = PBXFileReference; lastKnownFileType = sourcecode.swift; path = SettingsVM.swift; sourceTree = "<group>"; };
		572A98BB2591C72300B30660 /* CountryListVC.swift */ = {isa = PBXFileReference; lastKnownFileType = sourcecode.swift; path = CountryListVC.swift; sourceTree = "<group>"; };
		572A98BD2591C73D00B30660 /* CountryListVM.swift */ = {isa = PBXFileReference; lastKnownFileType = sourcecode.swift; path = CountryListVM.swift; sourceTree = "<group>"; };
		572A98BF2591C75D00B30660 /* CountryListTVC.swift */ = {isa = PBXFileReference; lastKnownFileType = sourcecode.swift; path = CountryListTVC.swift; sourceTree = "<group>"; };
		572A98C12591C9A100B30660 /* CountryListModel.swift */ = {isa = PBXFileReference; fileEncoding = 4; lastKnownFileType = sourcecode.swift; path = CountryListModel.swift; sourceTree = "<group>"; };
		572A98C32591DE7F00B30660 /* VideosModel.swift */ = {isa = PBXFileReference; fileEncoding = 4; lastKnownFileType = sourcecode.swift; path = VideosModel.swift; sourceTree = "<group>"; };
		572A9A9A25B81A2700AAAB43 /* SearchListVC.swift */ = {isa = PBXFileReference; lastKnownFileType = sourcecode.swift; path = SearchListVC.swift; sourceTree = "<group>"; };
		572A9A9C25B83C6F00AAAB43 /* SearchListVM.swift */ = {isa = PBXFileReference; lastKnownFileType = sourcecode.swift; path = SearchListVM.swift; sourceTree = "<group>"; };
		572BCBFF259CAB8E005A1060 /* CoreData.framework */ = {isa = PBXFileReference; lastKnownFileType = wrapper.framework; name = CoreData.framework; path = System/Library/Frameworks/CoreData.framework; sourceTree = SDKROOT; };
		572BCC03259CAC35005A1060 /* tracol.xcdatamodel */ = {isa = PBXFileReference; lastKnownFileType = wrapper.xcdatamodel; path = tracol.xcdatamodel; sourceTree = "<group>"; };
		572C72DE25D133300021A5D6 /* OrderDetailModel.swift */ = {isa = PBXFileReference; fileEncoding = 4; lastKnownFileType = sourcecode.swift; path = OrderDetailModel.swift; sourceTree = "<group>"; };
		572ECB2D259344F400E1BDCB /* PackagesListModel.swift */ = {isa = PBXFileReference; fileEncoding = 4; lastKnownFileType = sourcecode.swift; path = PackagesListModel.swift; sourceTree = "<group>"; };
		572F4696259A155400FD910C /* ProductDetailVM.swift */ = {isa = PBXFileReference; lastKnownFileType = sourcecode.swift; path = ProductDetailVM.swift; sourceTree = "<group>"; };
		5733177525B00C8300A028CA /* AddressListModel.swift */ = {isa = PBXFileReference; fileEncoding = 4; lastKnownFileType = sourcecode.swift; path = AddressListModel.swift; sourceTree = "<group>"; };
		5733177725B05A0D00A028CA /* PaymentDetailVC.swift */ = {isa = PBXFileReference; lastKnownFileType = sourcecode.swift; path = PaymentDetailVC.swift; sourceTree = "<group>"; };
		5733177925B05E3700A028CA /* PaymentDetailVM.swift */ = {isa = PBXFileReference; lastKnownFileType = sourcecode.swift; path = PaymentDetailVM.swift; sourceTree = "<group>"; };
		5733177B25B05E5700A028CA /* PaymentDetailTVC.swift */ = {isa = PBXFileReference; lastKnownFileType = sourcecode.swift; path = PaymentDetailTVC.swift; sourceTree = "<group>"; };
		57352B6225B93B25006E57F5 /* SYBadgeButton.swift */ = {isa = PBXFileReference; fileEncoding = 4; lastKnownFileType = sourcecode.swift; path = SYBadgeButton.swift; sourceTree = "<group>"; };
		573B399E25C3CB59009BE55E /* KRTabBarItem.swift */ = {isa = PBXFileReference; fileEncoding = 4; lastKnownFileType = sourcecode.swift; path = KRTabBarItem.swift; sourceTree = "<group>"; };
		573B399F25C3CB59009BE55E /* KRTabBarController.swift */ = {isa = PBXFileReference; fileEncoding = 4; lastKnownFileType = sourcecode.swift; path = KRTabBarController.swift; sourceTree = "<group>"; };
		57406804258B14D800B17393 /* Tracol.app */ = {isa = PBXFileReference; explicitFileType = wrapper.application; includeInIndex = 0; path = Tracol.app; sourceTree = BUILT_PRODUCTS_DIR; };
		57406807258B14D800B17393 /* AppDelegate.swift */ = {isa = PBXFileReference; lastKnownFileType = sourcecode.swift; path = AppDelegate.swift; sourceTree = "<group>"; };
		57406809258B14D800B17393 /* SceneDelegate.swift */ = {isa = PBXFileReference; lastKnownFileType = sourcecode.swift; path = SceneDelegate.swift; sourceTree = "<group>"; };
		5740680E258B14D800B17393 /* Base */ = {isa = PBXFileReference; lastKnownFileType = file.storyboard; name = Base; path = Base.lproj/Main.storyboard; sourceTree = "<group>"; };
		57406810258B14DE00B17393 /* Assets.xcassets */ = {isa = PBXFileReference; lastKnownFileType = folder.assetcatalog; path = Assets.xcassets; sourceTree = "<group>"; };
		57406813258B14DE00B17393 /* Base */ = {isa = PBXFileReference; lastKnownFileType = file.storyboard; name = Base; path = Base.lproj/LaunchScreen.storyboard; sourceTree = "<group>"; };
		57406815258B14DE00B17393 /* Info.plist */ = {isa = PBXFileReference; lastKnownFileType = text.plist.xml; path = Info.plist; sourceTree = "<group>"; };
		5740681A258B14DE00B17393 /* tracol-food-delivery-ios-1479Tests.xctest */ = {isa = PBXFileReference; explicitFileType = wrapper.cfbundle; includeInIndex = 0; path = "tracol-food-delivery-ios-1479Tests.xctest"; sourceTree = BUILT_PRODUCTS_DIR; };
		5740681E258B14DE00B17393 /* tracol_food_delivery_ios_1479Tests.swift */ = {isa = PBXFileReference; lastKnownFileType = sourcecode.swift; path = tracol_food_delivery_ios_1479Tests.swift; sourceTree = "<group>"; };
		57406820258B14DE00B17393 /* Info.plist */ = {isa = PBXFileReference; lastKnownFileType = text.plist.xml; path = Info.plist; sourceTree = "<group>"; };
		57406825258B14DE00B17393 /* tracol-food-delivery-ios-1479UITests.xctest */ = {isa = PBXFileReference; explicitFileType = wrapper.cfbundle; includeInIndex = 0; path = "tracol-food-delivery-ios-1479UITests.xctest"; sourceTree = BUILT_PRODUCTS_DIR; };
		57406829258B14DE00B17393 /* tracol_food_delivery_ios_1479UITests.swift */ = {isa = PBXFileReference; lastKnownFileType = sourcecode.swift; path = tracol_food_delivery_ios_1479UITests.swift; sourceTree = "<group>"; };
		5740682B258B14DE00B17393 /* Info.plist */ = {isa = PBXFileReference; lastKnownFileType = text.plist.xml; path = Info.plist; sourceTree = "<group>"; };
		5740683F258B175600B17393 /* SplashVC.swift */ = {isa = PBXFileReference; lastKnownFileType = sourcecode.swift; path = SplashVC.swift; sourceTree = "<group>"; };
		57406841258B183B00B17393 /* LoginVC.swift */ = {isa = PBXFileReference; lastKnownFileType = sourcecode.swift; path = LoginVC.swift; sourceTree = "<group>"; };
		57406843258B187F00B17393 /* ForgotPasswordVC.swift */ = {isa = PBXFileReference; lastKnownFileType = sourcecode.swift; path = ForgotPasswordVC.swift; sourceTree = "<group>"; };
		57406845258B18A300B17393 /* MyProfileVC.swift */ = {isa = PBXFileReference; lastKnownFileType = sourcecode.swift; path = MyProfileVC.swift; sourceTree = "<group>"; };
		57406848258B1D2700B17393 /* Montserrat-Bold.otf */ = {isa = PBXFileReference; lastKnownFileType = file; path = "Montserrat-Bold.otf"; sourceTree = "<group>"; };
		57406849258B1D2700B17393 /* Montserrat-Medium.otf */ = {isa = PBXFileReference; lastKnownFileType = file; path = "Montserrat-Medium.otf"; sourceTree = "<group>"; };
		5740684A258B1D2700B17393 /* Montserrat-Regular.otf */ = {isa = PBXFileReference; lastKnownFileType = file; path = "Montserrat-Regular.otf"; sourceTree = "<group>"; };
		5740684B258B1D2700B17393 /* Montserrat-SemiBold.otf */ = {isa = PBXFileReference; lastKnownFileType = file; path = "Montserrat-SemiBold.otf"; sourceTree = "<group>"; };
		57406851258B1D7000B17393 /* Extensions.swift */ = {isa = PBXFileReference; fileEncoding = 4; lastKnownFileType = sourcecode.swift; path = Extensions.swift; sourceTree = "<group>"; };
		57406852258B1D7000B17393 /* ViewExtenstions.swift */ = {isa = PBXFileReference; fileEncoding = 4; lastKnownFileType = sourcecode.swift; path = ViewExtenstions.swift; sourceTree = "<group>"; };
		57406855258B229D00B17393 /* AlertMessagesConstant.swift */ = {isa = PBXFileReference; fileEncoding = 4; lastKnownFileType = sourcecode.swift; path = AlertMessagesConstant.swift; sourceTree = "<group>"; };
		57406856258B229D00B17393 /* RootControllerProxy.swift */ = {isa = PBXFileReference; fileEncoding = 4; lastKnownFileType = sourcecode.swift; path = RootControllerProxy.swift; sourceTree = "<group>"; };
		57406857258B229D00B17393 /* SlideMenuController.swift */ = {isa = PBXFileReference; fileEncoding = 4; lastKnownFileType = sourcecode.swift; path = SlideMenuController.swift; sourceTree = "<group>"; };
		5740685B258B231200B17393 /* Constants.swift */ = {isa = PBXFileReference; fileEncoding = 4; lastKnownFileType = sourcecode.swift; path = Constants.swift; sourceTree = "<group>"; };
		5740685D258B234A00B17393 /* Proxy.swift */ = {isa = PBXFileReference; fileEncoding = 4; lastKnownFileType = sourcecode.swift; path = Proxy.swift; sourceTree = "<group>"; };
		5740685F258B23E700B17393 /* DrawerVC.swift */ = {isa = PBXFileReference; lastKnownFileType = sourcecode.swift; path = DrawerVC.swift; sourceTree = "<group>"; };
		57406861258B2DC700B17393 /* PaymentMethodVC.swift */ = {isa = PBXFileReference; lastKnownFileType = sourcecode.swift; path = PaymentMethodVC.swift; sourceTree = "<group>"; };
		57406863258B2DE300B17393 /* PaymentMethodVM.swift */ = {isa = PBXFileReference; lastKnownFileType = sourcecode.swift; path = PaymentMethodVM.swift; sourceTree = "<group>"; };
		57406865258B2E0100B17393 /* PaymentMethodTVC.swift */ = {isa = PBXFileReference; lastKnownFileType = sourcecode.swift; path = PaymentMethodTVC.swift; sourceTree = "<group>"; };
		57406867258B33E900B17393 /* MyOrdersVC.swift */ = {isa = PBXFileReference; lastKnownFileType = sourcecode.swift; path = MyOrdersVC.swift; sourceTree = "<group>"; };
		57406869258B340900B17393 /* MyOrdersVM.swift */ = {isa = PBXFileReference; lastKnownFileType = sourcecode.swift; path = MyOrdersVM.swift; sourceTree = "<group>"; };
		5740686B258B343600B17393 /* MyOrdersTVC.swift */ = {isa = PBXFileReference; lastKnownFileType = sourcecode.swift; path = MyOrdersTVC.swift; sourceTree = "<group>"; };
		5740686D258B3D0800B17393 /* NotificationsVC.swift */ = {isa = PBXFileReference; lastKnownFileType = sourcecode.swift; path = NotificationsVC.swift; sourceTree = "<group>"; };
		5740686F258B3D2600B17393 /* NotificationsVM.swift */ = {isa = PBXFileReference; lastKnownFileType = sourcecode.swift; path = NotificationsVM.swift; sourceTree = "<group>"; };
		57406871258B3E2C00B17393 /* NotificationsTVC.swift */ = {isa = PBXFileReference; lastKnownFileType = sourcecode.swift; path = NotificationsTVC.swift; sourceTree = "<group>"; };
		57406873258B439000B17393 /* UpdateProfileVC.swift */ = {isa = PBXFileReference; lastKnownFileType = sourcecode.swift; path = UpdateProfileVC.swift; sourceTree = "<group>"; };
		57406875258B4DED00B17393 /* ChangePasswordVC.swift */ = {isa = PBXFileReference; lastKnownFileType = sourcecode.swift; path = ChangePasswordVC.swift; sourceTree = "<group>"; };
		57406877258B4E0C00B17393 /* ContactUsVC.swift */ = {isa = PBXFileReference; lastKnownFileType = sourcecode.swift; path = ContactUsVC.swift; sourceTree = "<group>"; };
		57406879258B5CC400B17393 /* AboutUsVC.swift */ = {isa = PBXFileReference; lastKnownFileType = sourcecode.swift; path = AboutUsVC.swift; sourceTree = "<group>"; };
		5740687B258B5E2A00B17393 /* AboutUsVM.swift */ = {isa = PBXFileReference; lastKnownFileType = sourcecode.swift; path = AboutUsVM.swift; sourceTree = "<group>"; };
		5740687D258B611900B17393 /* SettingsVC.swift */ = {isa = PBXFileReference; lastKnownFileType = sourcecode.swift; path = SettingsVC.swift; sourceTree = "<group>"; };
		5740687F258B66DD00B17393 /* WishListVC.swift */ = {isa = PBXFileReference; lastKnownFileType = sourcecode.swift; path = WishListVC.swift; sourceTree = "<group>"; };
		57406881258B670000B17393 /* WishListVM.swift */ = {isa = PBXFileReference; lastKnownFileType = sourcecode.swift; path = WishListVM.swift; sourceTree = "<group>"; };
		57406883258B672500B17393 /* WishListCVC.swift */ = {isa = PBXFileReference; lastKnownFileType = sourcecode.swift; path = WishListCVC.swift; sourceTree = "<group>"; };
		57406885258B6E7800B17393 /* FloatRatingView.swift */ = {isa = PBXFileReference; fileEncoding = 4; lastKnownFileType = sourcecode.swift; path = FloatRatingView.swift; sourceTree = "<group>"; };
		57406887258B711200B17393 /* AddCartVC.swift */ = {isa = PBXFileReference; lastKnownFileType = sourcecode.swift; path = AddCartVC.swift; sourceTree = "<group>"; };
		57406889258B71FA00B17393 /* AddCartVM.swift */ = {isa = PBXFileReference; lastKnownFileType = sourcecode.swift; path = AddCartVM.swift; sourceTree = "<group>"; };
		5740688B258B722500B17393 /* AddCartTVC.swift */ = {isa = PBXFileReference; lastKnownFileType = sourcecode.swift; path = AddCartTVC.swift; sourceTree = "<group>"; };
		5740688D258B80A900B17393 /* CheckOutVC.swift */ = {isa = PBXFileReference; lastKnownFileType = sourcecode.swift; path = CheckOutVC.swift; sourceTree = "<group>"; };
		5747AEC625D26CC6003952F9 /* CharityListVC.swift */ = {isa = PBXFileReference; lastKnownFileType = sourcecode.swift; path = CharityListVC.swift; sourceTree = "<group>"; };
		5747AEC825D26CE1003952F9 /* CharityListVM.swift */ = {isa = PBXFileReference; lastKnownFileType = sourcecode.swift; path = CharityListVM.swift; sourceTree = "<group>"; };
		5747AECA25D26D29003952F9 /* CharityTVC.swift */ = {isa = PBXFileReference; lastKnownFileType = sourcecode.swift; path = CharityTVC.swift; sourceTree = "<group>"; };
		5748EB82259DBA24007B2C2C /* CardAddVC.swift */ = {isa = PBXFileReference; lastKnownFileType = sourcecode.swift; path = CardAddVC.swift; sourceTree = "<group>"; };
		5748EB84259DBA48007B2C2C /* CardAddVM.swift */ = {isa = PBXFileReference; lastKnownFileType = sourcecode.swift; path = CardAddVM.swift; sourceTree = "<group>"; };
		5748EB86259DCF63007B2C2C /* CardListModel.swift */ = {isa = PBXFileReference; fileEncoding = 4; lastKnownFileType = sourcecode.swift; path = CardListModel.swift; sourceTree = "<group>"; };
		5763429125AEBFEA00DE3D80 /* AddAdressVC.swift */ = {isa = PBXFileReference; lastKnownFileType = sourcecode.swift; path = AddAdressVC.swift; sourceTree = "<group>"; };
		5763429D25AED1D500DE3D80 /* AddressListVC.swift */ = {isa = PBXFileReference; fileEncoding = 4; lastKnownFileType = sourcecode.swift; path = AddressListVC.swift; sourceTree = "<group>"; };
		5763429F25AED21D00DE3D80 /* AddressListTVC.swift */ = {isa = PBXFileReference; fileEncoding = 4; lastKnownFileType = sourcecode.swift; path = AddressListTVC.swift; sourceTree = "<group>"; };
		576342A125AED26900DE3D80 /* AddressListVM.swift */ = {isa = PBXFileReference; fileEncoding = 4; lastKnownFileType = sourcecode.swift; path = AddressListVM.swift; sourceTree = "<group>"; };
		576342A525AF167700DE3D80 /* AddAddressVM.swift */ = {isa = PBXFileReference; lastKnownFileType = sourcecode.swift; path = AddAddressVM.swift; sourceTree = "<group>"; };
		57CF1A7B25A2DBEB00C7BFDB /* CheckOutVM.swift */ = {isa = PBXFileReference; lastKnownFileType = sourcecode.swift; path = CheckOutVM.swift; sourceTree = "<group>"; };
		57CF1A7F25A32A2100C7BFDB /* CheckOutFooterTVC.swift */ = {isa = PBXFileReference; lastKnownFileType = sourcecode.swift; path = CheckOutFooterTVC.swift; sourceTree = "<group>"; };
		57E710FB25BE8D3F00E2484A /* VideosCVC.swift */ = {isa = PBXFileReference; lastKnownFileType = sourcecode.swift; path = VideosCVC.swift; sourceTree = "<group>"; };
		57E710FD25BE96D400E2484A /* ConnectsVC.swift */ = {isa = PBXFileReference; lastKnownFileType = sourcecode.swift; path = ConnectsVC.swift; sourceTree = "<group>"; };
		73189CF825A7377500254BC7 /* Watermelon.json */ = {isa = PBXFileReference; fileEncoding = 4; lastKnownFileType = text.json; path = Watermelon.json; sourceTree = "<group>"; };
		B9F3DD760E5CCE3D8DF9C870 /* Pods-tracol-food-delivery-ios-1479.debug.xcconfig */ = {isa = PBXFileReference; includeInIndex = 1; lastKnownFileType = text.xcconfig; name = "Pods-tracol-food-delivery-ios-1479.debug.xcconfig"; path = "Target Support Files/Pods-tracol-food-delivery-ios-1479/Pods-tracol-food-delivery-ios-1479.debug.xcconfig"; sourceTree = "<group>"; };
		F00CE01B54ECAD361D382811 /* Pods-tracol-food-delivery-ios-1479.release.xcconfig */ = {isa = PBXFileReference; includeInIndex = 1; lastKnownFileType = text.xcconfig; name = "Pods-tracol-food-delivery-ios-1479.release.xcconfig"; path = "Target Support Files/Pods-tracol-food-delivery-ios-1479/Pods-tracol-food-delivery-ios-1479.release.xcconfig"; sourceTree = "<group>"; };
/* End PBXFileReference section */

/* Begin PBXFrameworksBuildPhase section */
		57406801258B14D800B17393 /* Frameworks */ = {
			isa = PBXFrameworksBuildPhase;
			buildActionMask = 2147483647;
			files = (
				572BCC00259CAB8E005A1060 /* CoreData.framework in Frameworks */,
				5718144A2590B971003E0496 /* WebKit.framework in Frameworks */,
				5FBE007D82640B5370F3EABE /* Pods_tracol_food_delivery_ios_1479.framework in Frameworks */,
				572C9DA825A58269005C5E89 /* Lottie in Frameworks */,
			);
			runOnlyForDeploymentPostprocessing = 0;
		};
		57406817258B14DE00B17393 /* Frameworks */ = {
			isa = PBXFrameworksBuildPhase;
			buildActionMask = 2147483647;
			files = (
			);
			runOnlyForDeploymentPostprocessing = 0;
		};
		57406822258B14DE00B17393 /* Frameworks */ = {
			isa = PBXFrameworksBuildPhase;
			buildActionMask = 2147483647;
			files = (
			);
			runOnlyForDeploymentPostprocessing = 0;
		};
/* End PBXFrameworksBuildPhase section */

/* Begin PBXGroup section */
		155D4E4FB615FB8EF80D1B08 /* Pods */ = {
			isa = PBXGroup;
			children = (
				B9F3DD760E5CCE3D8DF9C870 /* Pods-tracol-food-delivery-ios-1479.debug.xcconfig */,
				F00CE01B54ECAD361D382811 /* Pods-tracol-food-delivery-ios-1479.release.xcconfig */,
			);
			path = Pods;
			sourceTree = "<group>";
		};
		573B399D25C3CB59009BE55E /* TabbarSource */ = {
			isa = PBXGroup;
			children = (
				573B399E25C3CB59009BE55E /* KRTabBarItem.swift */,
				573B399F25C3CB59009BE55E /* KRTabBarController.swift */,
			);
			path = TabbarSource;
			sourceTree = "<group>";
		};
		574067FB258B14D800B17393 = {
			isa = PBXGroup;
			children = (
				57406806258B14D800B17393 /* tracol-food-delivery-ios-1479 */,
				5740681D258B14DE00B17393 /* tracol-food-delivery-ios-1479Tests */,
				57406828258B14DE00B17393 /* tracol-food-delivery-ios-1479UITests */,
				57406805258B14D800B17393 /* Products */,
				155D4E4FB615FB8EF80D1B08 /* Pods */,
				5CF742242981070E330DC4BF /* Frameworks */,
			);
			sourceTree = "<group>";
		};
		57406805258B14D800B17393 /* Products */ = {
			isa = PBXGroup;
			children = (
				57406804258B14D800B17393 /* Tracol.app */,
				5740681A258B14DE00B17393 /* tracol-food-delivery-ios-1479Tests.xctest */,
				57406825258B14DE00B17393 /* tracol-food-delivery-ios-1479UITests.xctest */,
			);
			name = Products;
			sourceTree = "<group>";
		};
		57406806258B14D800B17393 /* tracol-food-delivery-ios-1479 */ = {
			isa = PBXGroup;
			children = (
				57406850258B1D4500B17393 /* ExtensionClass */,
				5740683E258B169B00B17393 /* ServiceClass */,
				5740683D258B168D00B17393 /* SingletonClass */,
				5740683C258B168100B17393 /* HelperClass */,
				57406839258B165D00B17393 /* FontClass */,
				5740683A258B166600B17393 /* Model */,
				5740683B258B167000B17393 /* CellClass */,
				57406838258B164200B17393 /* ViewController */,
				57406837258B162D00B17393 /* ViewModel */,
				57406807258B14D800B17393 /* AppDelegate.swift */,
				73189CF825A7377500254BC7 /* Watermelon.json */,
				572BCC02259CAC35005A1060 /* tracol.xcdatamodeld */,
				57406809258B14D800B17393 /* SceneDelegate.swift */,
				5740680D258B14D800B17393 /* Main.storyboard */,
				57406810258B14DE00B17393 /* Assets.xcassets */,
				57406812258B14DE00B17393 /* LaunchScreen.storyboard */,
				57406815258B14DE00B17393 /* Info.plist */,
			);
			path = "tracol-food-delivery-ios-1479";
			sourceTree = "<group>";
		};
		5740681D258B14DE00B17393 /* tracol-food-delivery-ios-1479Tests */ = {
			isa = PBXGroup;
			children = (
				5740681E258B14DE00B17393 /* tracol_food_delivery_ios_1479Tests.swift */,
				57406820258B14DE00B17393 /* Info.plist */,
			);
			path = "tracol-food-delivery-ios-1479Tests";
			sourceTree = "<group>";
		};
		57406828258B14DE00B17393 /* tracol-food-delivery-ios-1479UITests */ = {
			isa = PBXGroup;
			children = (
				57406829258B14DE00B17393 /* tracol_food_delivery_ios_1479UITests.swift */,
				5740682B258B14DE00B17393 /* Info.plist */,
			);
			path = "tracol-food-delivery-ios-1479UITests";
			sourceTree = "<group>";
		};
		57406837258B162D00B17393 /* ViewModel */ = {
			isa = PBXGroup;
			children = (
				572A385425B5A26800FCABEF /* PaymentWebViewVM.swift */,
				576342A125AED26900DE3D80 /* AddressListVM.swift */,
				5718144F2590C01C003E0496 /* ProductListVM.swift */,
				57406863258B2DE300B17393 /* PaymentMethodVM.swift */,
				57406869258B340900B17393 /* MyOrdersVM.swift */,
				5740686F258B3D2600B17393 /* NotificationsVM.swift */,
				5740687B258B5E2A00B17393 /* AboutUsVM.swift */,
				57406881258B670000B17393 /* WishListVM.swift */,
				57406889258B71FA00B17393 /* AddCartVM.swift */,
				57297A02258C75FF006A3662 /* HomeVM.swift */,
				57297A06258C8B6A006A3662 /* VideosVM.swift */,
				57297A0A258C90E5006A3662 /* DrawerVM.swift */,
				57297A1A258CBCB5006A3662 /* LoginVM.swift */,
				57297A1C258CBD25006A3662 /* ForgotPasswordVM.swift */,
				572A98A92591B70200B30660 /* ContactUsVM.swift */,
				572A98AB2591B76900B30660 /* ChangePasswordVM.swift */,
				572A98AD2591B8B100B30660 /* SplashVM.swift */,
				572A98AF2591BF1700B30660 /* UpdateProfileVM.swift */,
				572A98B12591C39D00B30660 /* SettingsVM.swift */,
				572A98BD2591C73D00B30660 /* CountryListVM.swift */,
				572F4696259A155400FD910C /* ProductDetailVM.swift */,
				5748EB84259DBA48007B2C2C /* CardAddVM.swift */,
				57CF1A7B25A2DBEB00C7BFDB /* CheckOutVM.swift */,
				576342A525AF167700DE3D80 /* AddAddressVM.swift */,
				5733177925B05E3700A028CA /* PaymentDetailVM.swift */,
				572A384A25B5570F00FCABEF /* OrderDetailVM.swift */,
				572A384C25B5622C00FCABEF /* CharityVM.swift */,
				5724BB0225B6BEC700931D6E /* DonationVM.swift */,
				572A9A9C25B83C6F00AAAB43 /* SearchListVM.swift */,
				5747AEC825D26CE1003952F9 /* CharityListVM.swift */,
			);
			path = ViewModel;
			sourceTree = "<group>";
		};
		57406838258B164200B17393 /* ViewController */ = {
			isa = PBXGroup;
			children = (
				5763429D25AED1D500DE3D80 /* AddressListVC.swift */,
				5718144D2590C000003E0496 /* ProductListVC.swift */,
				572A385225B5A1DB00FCABEF /* PaymentWebViewVC.swift */,
				5740683F258B175600B17393 /* SplashVC.swift */,
				57406841258B183B00B17393 /* LoginVC.swift */,
				57406843258B187F00B17393 /* ForgotPasswordVC.swift */,
				57406845258B18A300B17393 /* MyProfileVC.swift */,
				5740685F258B23E700B17393 /* DrawerVC.swift */,
				57406861258B2DC700B17393 /* PaymentMethodVC.swift */,
				57406867258B33E900B17393 /* MyOrdersVC.swift */,
				5740686D258B3D0800B17393 /* NotificationsVC.swift */,
				57406873258B439000B17393 /* UpdateProfileVC.swift */,
				57406875258B4DED00B17393 /* ChangePasswordVC.swift */,
				57406877258B4E0C00B17393 /* ContactUsVC.swift */,
				57406879258B5CC400B17393 /* AboutUsVC.swift */,
				5740687D258B611900B17393 /* SettingsVC.swift */,
				5740687F258B66DD00B17393 /* WishListVC.swift */,
				57406887258B711200B17393 /* AddCartVC.swift */,
				5740688D258B80A900B17393 /* CheckOutVC.swift */,
				572979DA258C65C7006A3662 /* HomeVC.swift */,
				57297A04258C8A82006A3662 /* VideosVC.swift */,
				57297A10258C96EF006A3662 /* OrderDetailVC.swift */,
				57297A18258CB528006A3662 /* MainTBC.swift */,
				57297A1E258CCEC7006A3662 /* DoctorVC.swift */,
				57297A20258CDD29006A3662 /* CharityVC.swift */,
				571814512590C0ED003E0496 /* ProductDetailVC.swift */,
				572A98BB2591C72300B30660 /* CountryListVC.swift */,
				5748EB82259DBA24007B2C2C /* CardAddVC.swift */,
				5763429125AEBFEA00DE3D80 /* AddAdressVC.swift */,
				5733177725B05A0D00A028CA /* PaymentDetailVC.swift */,
				5724BB0025B6979200931D6E /* DonationVC.swift */,
				572A9A9A25B81A2700AAAB43 /* SearchListVC.swift */,
				57E710FD25BE96D400E2484A /* ConnectsVC.swift */,
				5747AEC625D26CC6003952F9 /* CharityListVC.swift */,
			);
			path = ViewController;
			sourceTree = "<group>";
		};
		57406839258B165D00B17393 /* FontClass */ = {
			isa = PBXGroup;
			children = (
				57406847258B1D2700B17393 /* Montserrat */,
			);
			path = FontClass;
			sourceTree = "<group>";
		};
		5740683A258B166600B17393 /* Model */ = {
			isa = PBXGroup;
			children = (
				572A385025B56C3B00FCABEF /* NotificationListModel.swift */,
				572A384E25B564CB00FCABEF /* CharityDetailModel.swift */,
				572A384825B54DE500FCABEF /* OrderListModel.swift */,
				572C72DE25D133300021A5D6 /* OrderDetailModel.swift */,
				5733177525B00C8300A028CA /* AddressListModel.swift */,
				5748EB86259DCF63007B2C2C /* CardListModel.swift */,
				5729329D259AEB1500C661C7 /* BannersImagesModel.swift */,
				572ECB2D259344F400E1BDCB /* PackagesListModel.swift */,
				572A98C32591DE7F00B30660 /* VideosModel.swift */,
				572A98C12591C9A100B30660 /* CountryListModel.swift */,
				572A98A72591B67100B30660 /* UserModel.swift */,
				572A98A12591B52B00B30660 /* RequestModel.swift */,
			);
			path = Model;
			sourceTree = "<group>";
		};
		5740683B258B167000B17393 /* CellClass */ = {
			isa = PBXGroup;
			children = (
				5763429F25AED21D00DE3D80 /* AddressListTVC.swift */,
				5718144B2590BFD4003E0496 /* ProductListCVC.swift */,
				57406865258B2E0100B17393 /* PaymentMethodTVC.swift */,
				5740686B258B343600B17393 /* MyOrdersTVC.swift */,
				57406871258B3E2C00B17393 /* NotificationsTVC.swift */,
				57406883258B672500B17393 /* WishListCVC.swift */,
				5740688B258B722500B17393 /* AddCartTVC.swift */,
				572979E6258C672E006A3662 /* HomeBannerCVC.swift */,
				572979E7258C672E006A3662 /* HomeBannerCVC.xib */,
				572979EC258C699E006A3662 /* HomeCategoryCVC.swift */,
				572979ED258C699E006A3662 /* HomeCategoryCVC.xib */,
				572979F2258C6BAC006A3662 /* HomeProductsCVC.swift */,
				572979F3258C6BAC006A3662 /* HomeProductsCVC.xib */,
				572979FA258C6E54006A3662 /* HomeTrendingCVC.swift */,
				572979FB258C6E54006A3662 /* HomeTrendingCVC.xib */,
				572979FE258C74B7006A3662 /* HomeHeaderTVC.swift */,
				57297A00258C750C006A3662 /* HomeTVC.swift */,
				57297A08258C8B90006A3662 /* VideosTVC.swift */,
				57297A0C258C9100006A3662 /* DrawerTVC.swift */,
				572A98BF2591C75D00B30660 /* CountryListTVC.swift */,
				57CF1A7F25A32A2100C7BFDB /* CheckOutFooterTVC.swift */,
				5733177B25B05E5700A028CA /* PaymentDetailTVC.swift */,
				57E710FB25BE8D3F00E2484A /* VideosCVC.swift */,
				5747AECA25D26D29003952F9 /* CharityTVC.swift */,
			);
			path = CellClass;
			sourceTree = "<group>";
		};
		5740683C258B168100B17393 /* HelperClass */ = {
			isa = PBXGroup;
			children = (
				573B399D25C3CB59009BE55E /* TabbarSource */,
				572A98952591B4B900B30660 /* CustomGalleryClass.swift */,
				57406885258B6E7800B17393 /* FloatRatingView.swift */,
				57352B6225B93B25006E57F5 /* SYBadgeButton.swift */,
				5740685B258B231200B17393 /* Constants.swift */,
			);
			path = HelperClass;
			sourceTree = "<group>";
		};
		5740683D258B168D00B17393 /* SingletonClass */ = {
			isa = PBXGroup;
			children = (
				572A98A52591B5FE00B30660 /* ASToast.swift */,
				572A98A32591B58B00B30660 /* WebServiceProxy.swift */,
				5740685D258B234A00B17393 /* Proxy.swift */,
				57406855258B229D00B17393 /* AlertMessagesConstant.swift */,
				57406856258B229D00B17393 /* RootControllerProxy.swift */,
				57406857258B229D00B17393 /* SlideMenuController.swift */,
			);
			path = SingletonClass;
			sourceTree = "<group>";
		};
		5740683E258B169B00B17393 /* ServiceClass */ = {
			isa = PBXGroup;
			children = (
				572A989B2591B4ED00B30660 /* AccountService.swift */,
				572A989A2591B4ED00B30660 /* AppSettings.plist */,
				572A98972591B4ED00B30660 /* GetFeaturesService.swift */,
				572A98982591B4ED00B30660 /* ImagesService.swift */,
				572A98992591B4ED00B30660 /* SettingsManager.swift */,
			);
			path = ServiceClass;
			sourceTree = "<group>";
		};
		57406847258B1D2700B17393 /* Montserrat */ = {
			isa = PBXGroup;
			children = (
				57406848258B1D2700B17393 /* Montserrat-Bold.otf */,
				57406849258B1D2700B17393 /* Montserrat-Medium.otf */,
				5740684A258B1D2700B17393 /* Montserrat-Regular.otf */,
				5740684B258B1D2700B17393 /* Montserrat-SemiBold.otf */,
			);
			path = Montserrat;
			sourceTree = "<group>";
		};
		57406850258B1D4500B17393 /* ExtensionClass */ = {
			isa = PBXGroup;
			children = (
				57406851258B1D7000B17393 /* Extensions.swift */,
				57406852258B1D7000B17393 /* ViewExtenstions.swift */,
			);
			path = ExtensionClass;
			sourceTree = "<group>";
		};
		5CF742242981070E330DC4BF /* Frameworks */ = {
			isa = PBXGroup;
			children = (
				572BCBFF259CAB8E005A1060 /* CoreData.framework */,
				571814492590B971003E0496 /* WebKit.framework */,
				19906FFECE8CCE4958250D3F /* Pods_tracol_food_delivery_ios_1479.framework */,
			);
			name = Frameworks;
			sourceTree = "<group>";
		};
/* End PBXGroup section */

/* Begin PBXNativeTarget section */
		57406803258B14D800B17393 /* tracol-food-delivery-ios-1479 */ = {
			isa = PBXNativeTarget;
			buildConfigurationList = 5740682E258B14DE00B17393 /* Build configuration list for PBXNativeTarget "tracol-food-delivery-ios-1479" */;
			buildPhases = (
				2C4592D80E01D04A4B06BA86 /* [CP] Check Pods Manifest.lock */,
				57406800258B14D800B17393 /* Sources */,
				57406801258B14D800B17393 /* Frameworks */,
				57406802258B14D800B17393 /* Resources */,
				C0B63FC2508B9CAB9EA1EB31 /* [CP] Embed Pods Frameworks */,
			);
			buildRules = (
			);
			dependencies = (
			);
			name = "tracol-food-delivery-ios-1479";
			packageProductDependencies = (
				572C9DA725A58269005C5E89 /* Lottie */,
			);
			productName = "tracol-food-delivery-ios-1479";
			productReference = 57406804258B14D800B17393 /* Tracol.app */;
			productType = "com.apple.product-type.application";
		};
		57406819258B14DE00B17393 /* tracol-food-delivery-ios-1479Tests */ = {
			isa = PBXNativeTarget;
			buildConfigurationList = 57406831258B14DE00B17393 /* Build configuration list for PBXNativeTarget "tracol-food-delivery-ios-1479Tests" */;
			buildPhases = (
				57406816258B14DE00B17393 /* Sources */,
				57406817258B14DE00B17393 /* Frameworks */,
				57406818258B14DE00B17393 /* Resources */,
			);
			buildRules = (
			);
			dependencies = (
				5740681C258B14DE00B17393 /* PBXTargetDependency */,
			);
			name = "tracol-food-delivery-ios-1479Tests";
			productName = "tracol-food-delivery-ios-1479Tests";
			productReference = 5740681A258B14DE00B17393 /* tracol-food-delivery-ios-1479Tests.xctest */;
			productType = "com.apple.product-type.bundle.unit-test";
		};
		57406824258B14DE00B17393 /* tracol-food-delivery-ios-1479UITests */ = {
			isa = PBXNativeTarget;
			buildConfigurationList = 57406834258B14DE00B17393 /* Build configuration list for PBXNativeTarget "tracol-food-delivery-ios-1479UITests" */;
			buildPhases = (
				57406821258B14DE00B17393 /* Sources */,
				57406822258B14DE00B17393 /* Frameworks */,
				57406823258B14DE00B17393 /* Resources */,
			);
			buildRules = (
			);
			dependencies = (
				57406827258B14DE00B17393 /* PBXTargetDependency */,
			);
			name = "tracol-food-delivery-ios-1479UITests";
			productName = "tracol-food-delivery-ios-1479UITests";
			productReference = 57406825258B14DE00B17393 /* tracol-food-delivery-ios-1479UITests.xctest */;
			productType = "com.apple.product-type.bundle.ui-testing";
		};
/* End PBXNativeTarget section */

/* Begin PBXProject section */
		574067FC258B14D800B17393 /* Project object */ = {
			isa = PBXProject;
			attributes = {
				LastSwiftUpdateCheck = 1130;
				LastUpgradeCheck = 1130;
				ORGANIZATIONNAME = "Kiran Chauhan";
				TargetAttributes = {
					57406803258B14D800B17393 = {
						CreatedOnToolsVersion = 11.3;
					};
					57406819258B14DE00B17393 = {
						CreatedOnToolsVersion = 11.3;
						TestTargetID = 57406803258B14D800B17393;
					};
					57406824258B14DE00B17393 = {
						CreatedOnToolsVersion = 11.3;
						TestTargetID = 57406803258B14D800B17393;
					};
				};
			};
			buildConfigurationList = 574067FF258B14D800B17393 /* Build configuration list for PBXProject "tracol-food-delivery-ios-1479" */;
			compatibilityVersion = "Xcode 9.3";
			developmentRegion = en;
			hasScannedForEncodings = 0;
			knownRegions = (
				en,
				Base,
			);
			mainGroup = 574067FB258B14D800B17393;
			packageReferences = (
				572C9DA625A58269005C5E89 /* XCRemoteSwiftPackageReference "lottie-ios" */,
			);
			productRefGroup = 57406805258B14D800B17393 /* Products */;
			projectDirPath = "";
			projectRoot = "";
			targets = (
				57406803258B14D800B17393 /* tracol-food-delivery-ios-1479 */,
				57406819258B14DE00B17393 /* tracol-food-delivery-ios-1479Tests */,
				57406824258B14DE00B17393 /* tracol-food-delivery-ios-1479UITests */,
			);
		};
/* End PBXProject section */

/* Begin PBXResourcesBuildPhase section */
		57406802258B14D800B17393 /* Resources */ = {
			isa = PBXResourcesBuildPhase;
			buildActionMask = 2147483647;
			files = (
				57406814258B14DE00B17393 /* LaunchScreen.storyboard in Resources */,
				5740684F258B1D2700B17393 /* Montserrat-SemiBold.otf in Resources */,
				572979EF258C699E006A3662 /* HomeCategoryCVC.xib in Resources */,
				572979FD258C6E54006A3662 /* HomeTrendingCVC.xib in Resources */,
				5740684D258B1D2700B17393 /* Montserrat-Medium.otf in Resources */,
				572A989F2591B4ED00B30660 /* AppSettings.plist in Resources */,
				57406811258B14DE00B17393 /* Assets.xcassets in Resources */,
				5740680F258B14D800B17393 /* Main.storyboard in Resources */,
				572979E9258C672E006A3662 /* HomeBannerCVC.xib in Resources */,
				572979F5258C6BAC006A3662 /* HomeProductsCVC.xib in Resources */,
				5740684C258B1D2700B17393 /* Montserrat-Bold.otf in Resources */,
				5740684E258B1D2700B17393 /* Montserrat-Regular.otf in Resources */,
				73189CF925A7377500254BC7 /* Watermelon.json in Resources */,
			);
			runOnlyForDeploymentPostprocessing = 0;
		};
		57406818258B14DE00B17393 /* Resources */ = {
			isa = PBXResourcesBuildPhase;
			buildActionMask = 2147483647;
			files = (
			);
			runOnlyForDeploymentPostprocessing = 0;
		};
		57406823258B14DE00B17393 /* Resources */ = {
			isa = PBXResourcesBuildPhase;
			buildActionMask = 2147483647;
			files = (
			);
			runOnlyForDeploymentPostprocessing = 0;
		};
/* End PBXResourcesBuildPhase section */

/* Begin PBXShellScriptBuildPhase section */
		2C4592D80E01D04A4B06BA86 /* [CP] Check Pods Manifest.lock */ = {
			isa = PBXShellScriptBuildPhase;
			buildActionMask = 2147483647;
			files = (
			);
			inputFileListPaths = (
			);
			inputPaths = (
				"${PODS_PODFILE_DIR_PATH}/Podfile.lock",
				"${PODS_ROOT}/Manifest.lock",
			);
			name = "[CP] Check Pods Manifest.lock";
			outputFileListPaths = (
			);
			outputPaths = (
				"$(DERIVED_FILE_DIR)/Pods-tracol-food-delivery-ios-1479-checkManifestLockResult.txt",
			);
			runOnlyForDeploymentPostprocessing = 0;
			shellPath = /bin/sh;
			shellScript = "diff \"${PODS_PODFILE_DIR_PATH}/Podfile.lock\" \"${PODS_ROOT}/Manifest.lock\" > /dev/null\nif [ $? != 0 ] ; then\n    # print error to STDERR\n    echo \"error: The sandbox is not in sync with the Podfile.lock. Run 'pod install' or update your CocoaPods installation.\" >&2\n    exit 1\nfi\n# This output is used by Xcode 'outputs' to avoid re-running this script phase.\necho \"SUCCESS\" > \"${SCRIPT_OUTPUT_FILE_0}\"\n";
			showEnvVarsInLog = 0;
		};
		C0B63FC2508B9CAB9EA1EB31 /* [CP] Embed Pods Frameworks */ = {
			isa = PBXShellScriptBuildPhase;
			buildActionMask = 2147483647;
			files = (
			);
			inputFileListPaths = (
				"${PODS_ROOT}/Target Support Files/Pods-tracol-food-delivery-ios-1479/Pods-tracol-food-delivery-ios-1479-frameworks-${CONFIGURATION}-input-files.xcfilelist",
			);
			name = "[CP] Embed Pods Frameworks";
			outputFileListPaths = (
				"${PODS_ROOT}/Target Support Files/Pods-tracol-food-delivery-ios-1479/Pods-tracol-food-delivery-ios-1479-frameworks-${CONFIGURATION}-output-files.xcfilelist",
			);
			runOnlyForDeploymentPostprocessing = 0;
			shellPath = /bin/sh;
			shellScript = "\"${PODS_ROOT}/Target Support Files/Pods-tracol-food-delivery-ios-1479/Pods-tracol-food-delivery-ios-1479-frameworks.sh\"\n";
			showEnvVarsInLog = 0;
		};
/* End PBXShellScriptBuildPhase section */

/* Begin PBXSourcesBuildPhase section */
		57406800258B14D800B17393 /* Sources */ = {
			isa = PBXSourcesBuildPhase;
			buildActionMask = 2147483647;
			files = (
				57406858258B229D00B17393 /* AlertMessagesConstant.swift in Sources */,
				5747AEC925D26CE1003952F9 /* CharityListVM.swift in Sources */,
				57E710FE25BE96D400E2484A /* ConnectsVC.swift in Sources */,
				572A989E2591B4ED00B30660 /* SettingsManager.swift in Sources */,
				57406860258B23E700B17393 /* DrawerVC.swift in Sources */,
				5763429225AEBFEA00DE3D80 /* AddAdressVC.swift in Sources */,
				572A98BC2591C72300B30660 /* CountryListVC.swift in Sources */,
				572A98AE2591B8B100B30660 /* SplashVM.swift in Sources */,
				57406840258B175600B17393 /* SplashVC.swift in Sources */,
				57406844258B187F00B17393 /* ForgotPasswordVC.swift in Sources */,
				572979F4258C6BAC006A3662 /* HomeProductsCVC.swift in Sources */,
				572A98962591B4B900B30660 /* CustomGalleryClass.swift in Sources */,
				572A98A82591B67100B30660 /* UserModel.swift in Sources */,
				57406882258B670000B17393 /* WishListVM.swift in Sources */,
				57352B6325B93B25006E57F5 /* SYBadgeButton.swift in Sources */,
				572A989C2591B4ED00B30660 /* GetFeaturesService.swift in Sources */,
				5740687C258B5E2A00B17393 /* AboutUsVM.swift in Sources */,
				572A385125B56C3B00FCABEF /* NotificationListModel.swift in Sources */,
				5748EB87259DCF64007B2C2C /* CardListModel.swift in Sources */,
				572A98C22591C9A100B30660 /* CountryListModel.swift in Sources */,
				5724BB0125B6979200931D6E /* DonationVC.swift in Sources */,
				5747AEC725D26CC6003952F9 /* CharityListVC.swift in Sources */,
				57E710FC25BE8D3F00E2484A /* VideosCVC.swift in Sources */,
				573B39A125C3CB59009BE55E /* KRTabBarController.swift in Sources */,
				57406876258B4DED00B17393 /* ChangePasswordVC.swift in Sources */,
				5740686E258B3D0800B17393 /* NotificationsVC.swift in Sources */,
				571814502590C01C003E0496 /* ProductListVM.swift in Sources */,
				57406853258B1D7000B17393 /* Extensions.swift in Sources */,
				57406846258B18A300B17393 /* MyProfileVC.swift in Sources */,
				57406872258B3E2C00B17393 /* NotificationsTVC.swift in Sources */,
				572A384D25B5622C00FCABEF /* CharityVM.swift in Sources */,
				572979FC258C6E54006A3662 /* HomeTrendingCVC.swift in Sources */,
				5740687A258B5CC400B17393 /* AboutUsVC.swift in Sources */,
				57406888258B711200B17393 /* AddCartVC.swift in Sources */,
				572A384F25B564CB00FCABEF /* CharityDetailModel.swift in Sources */,
				5733177825B05A0D00A028CA /* PaymentDetailVC.swift in Sources */,
				5718144C2590BFD4003E0496 /* ProductListCVC.swift in Sources */,
				5740686A258B340900B17393 /* MyOrdersVM.swift in Sources */,
				572A989D2591B4ED00B30660 /* ImagesService.swift in Sources */,
				5724BB0325B6BEC700931D6E /* DonationVM.swift in Sources */,
				576342A625AF167700DE3D80 /* AddAddressVM.swift in Sources */,
				5748EB83259DBA24007B2C2C /* CardAddVC.swift in Sources */,
				57297A03258C75FF006A3662 /* HomeVM.swift in Sources */,
				57297A1D258CBD25006A3662 /* ForgotPasswordVM.swift in Sources */,
				57CF1A7C25A2DBEB00C7BFDB /* CheckOutVM.swift in Sources */,
				572A98C02591C75D00B30660 /* CountryListTVC.swift in Sources */,
				5718144E2590C000003E0496 /* ProductListVC.swift in Sources */,
				5733177C25B05E5700A028CA /* PaymentDetailTVC.swift in Sources */,
				571814522590C0ED003E0496 /* ProductDetailVC.swift in Sources */,
				572C72DF25D133310021A5D6 /* OrderDetailModel.swift in Sources */,
				572A98B02591BF1700B30660 /* UpdateProfileVM.swift in Sources */,
				57297A09258C8B90006A3662 /* VideosTVC.swift in Sources */,
				57406880258B66DD00B17393 /* WishListVC.swift in Sources */,
				5740688E258B80A900B17393 /* CheckOutVC.swift in Sources */,
				572A384925B54DE500FCABEF /* OrderListModel.swift in Sources */,
				57297A0B258C90E5006A3662 /* DrawerVM.swift in Sources */,
				5733177A25B05E3700A028CA /* PaymentDetailVM.swift in Sources */,
				57297A19258CB528006A3662 /* MainTBC.swift in Sources */,
				5763429E25AED1D500DE3D80 /* AddressListVC.swift in Sources */,
				57297A11258C96EF006A3662 /* OrderDetailVC.swift in Sources */,
				572ECB2E259344F400E1BDCB /* PackagesListModel.swift in Sources */,
				5747AECB25D26D29003952F9 /* CharityTVC.swift in Sources */,
				57406808258B14D800B17393 /* AppDelegate.swift in Sources */,
				57406862258B2DC700B17393 /* PaymentMethodVC.swift in Sources */,
				572A384B25B5570F00FCABEF /* OrderDetailVM.swift in Sources */,
				572A385525B5A26800FCABEF /* PaymentWebViewVM.swift in Sources */,
				572A9A9D25B83C6F00AAAB43 /* SearchListVM.swift in Sources */,
				57406864258B2DE300B17393 /* PaymentMethodVM.swift in Sources */,
				572A98AC2591B76900B30660 /* ChangePasswordVM.swift in Sources */,
				5740688C258B722500B17393 /* AddCartTVC.swift in Sources */,
				572A98A62591B5FE00B30660 /* ASToast.swift in Sources */,
				57406878258B4E0C00B17393 /* ContactUsVC.swift in Sources */,
				5740685C258B231200B17393 /* Constants.swift in Sources */,
				576342A025AED21D00DE3D80 /* AddressListTVC.swift in Sources */,
				57297A21258CDD29006A3662 /* CharityVC.swift in Sources */,
				5740686C258B343600B17393 /* MyOrdersTVC.swift in Sources */,
				572A98A42591B58B00B30660 /* WebServiceProxy.swift in Sources */,
				5748EB85259DBA48007B2C2C /* CardAddVM.swift in Sources */,
				57406866258B2E0200B17393 /* PaymentMethodTVC.swift in Sources */,
				5740680A258B14D800B17393 /* SceneDelegate.swift in Sources */,
				576342A225AED26900DE3D80 /* AddressListVM.swift in Sources */,
				57406874258B439000B17393 /* UpdateProfileVC.swift in Sources */,
				57406886258B6E7800B17393 /* FloatRatingView.swift in Sources */,
				57406842258B183B00B17393 /* LoginVC.swift in Sources */,
				5733177625B00C8300A028CA /* AddressListModel.swift in Sources */,
				572BCC04259CAC35005A1060 /* tracol.xcdatamodeld in Sources */,
				57406870258B3D2600B17393 /* NotificationsVM.swift in Sources */,
				572979DB258C65C7006A3662 /* HomeVC.swift in Sources */,
				5740688A258B71FA00B17393 /* AddCartVM.swift in Sources */,
				57297A1B258CBCB5006A3662 /* LoginVM.swift in Sources */,
				573B39A025C3CB59009BE55E /* KRTabBarItem.swift in Sources */,
				57297A0D258C9100006A3662 /* DrawerTVC.swift in Sources */,
				5740685E258B234A00B17393 /* Proxy.swift in Sources */,
				572A385325B5A1DC00FCABEF /* PaymentWebViewVC.swift in Sources */,
				572A9A9B25B81A2700AAAB43 /* SearchListVC.swift in Sources */,
				5729329E259AEB1500C661C7 /* BannersImagesModel.swift in Sources */,
				572979E8258C672E006A3662 /* HomeBannerCVC.swift in Sources */,
				572F4697259A155400FD910C /* ProductDetailVM.swift in Sources */,
				572A98B22591C39D00B30660 /* SettingsVM.swift in Sources */,
				57406868258B33E900B17393 /* MyOrdersVC.swift in Sources */,
				57297A1F258CCEC7006A3662 /* DoctorVC.swift in Sources */,
				572A98A22591B52B00B30660 /* RequestModel.swift in Sources */,
				57297A07258C8B6A006A3662 /* VideosVM.swift in Sources */,
				572979FF258C74B7006A3662 /* HomeHeaderTVC.swift in Sources */,
				57406854258B1D7000B17393 /* ViewExtenstions.swift in Sources */,
				57CF1A8025A32A2100C7BFDB /* CheckOutFooterTVC.swift in Sources */,
				572A98AA2591B70200B30660 /* ContactUsVM.swift in Sources */,
				57297A01258C750C006A3662 /* HomeTVC.swift in Sources */,
				572A98C42591DE7F00B30660 /* VideosModel.swift in Sources */,
				57406884258B672500B17393 /* WishListCVC.swift in Sources */,
				57297A05258C8A82006A3662 /* VideosVC.swift in Sources */,
				5740685A258B229D00B17393 /* SlideMenuController.swift in Sources */,
				57406859258B229D00B17393 /* RootControllerProxy.swift in Sources */,
				572A98A02591B4ED00B30660 /* AccountService.swift in Sources */,
				572A98BE2591C73D00B30660 /* CountryListVM.swift in Sources */,
				572979EE258C699E006A3662 /* HomeCategoryCVC.swift in Sources */,
				5740687E258B611900B17393 /* SettingsVC.swift in Sources */,
			);
			runOnlyForDeploymentPostprocessing = 0;
		};
		57406816258B14DE00B17393 /* Sources */ = {
			isa = PBXSourcesBuildPhase;
			buildActionMask = 2147483647;
			files = (
				5740681F258B14DE00B17393 /* tracol_food_delivery_ios_1479Tests.swift in Sources */,
			);
			runOnlyForDeploymentPostprocessing = 0;
		};
		57406821258B14DE00B17393 /* Sources */ = {
			isa = PBXSourcesBuildPhase;
			buildActionMask = 2147483647;
			files = (
				5740682A258B14DE00B17393 /* tracol_food_delivery_ios_1479UITests.swift in Sources */,
			);
			runOnlyForDeploymentPostprocessing = 0;
		};
/* End PBXSourcesBuildPhase section */

/* Begin PBXTargetDependency section */
		5740681C258B14DE00B17393 /* PBXTargetDependency */ = {
			isa = PBXTargetDependency;
			target = 57406803258B14D800B17393 /* tracol-food-delivery-ios-1479 */;
			targetProxy = 5740681B258B14DE00B17393 /* PBXContainerItemProxy */;
		};
		57406827258B14DE00B17393 /* PBXTargetDependency */ = {
			isa = PBXTargetDependency;
			target = 57406803258B14D800B17393 /* tracol-food-delivery-ios-1479 */;
			targetProxy = 57406826258B14DE00B17393 /* PBXContainerItemProxy */;
		};
/* End PBXTargetDependency section */

/* Begin PBXVariantGroup section */
		5740680D258B14D800B17393 /* Main.storyboard */ = {
			isa = PBXVariantGroup;
			children = (
				5740680E258B14D800B17393 /* Base */,
			);
			name = Main.storyboard;
			sourceTree = "<group>";
		};
		57406812258B14DE00B17393 /* LaunchScreen.storyboard */ = {
			isa = PBXVariantGroup;
			children = (
				57406813258B14DE00B17393 /* Base */,
			);
			name = LaunchScreen.storyboard;
			sourceTree = "<group>";
		};
/* End PBXVariantGroup section */

/* Begin XCBuildConfiguration section */
		5740682C258B14DE00B17393 /* Debug */ = {
			isa = XCBuildConfiguration;
			buildSettings = {
				ALWAYS_SEARCH_USER_PATHS = NO;
				CLANG_ANALYZER_NONNULL = YES;
				CLANG_ANALYZER_NUMBER_OBJECT_CONVERSION = YES_AGGRESSIVE;
				CLANG_CXX_LANGUAGE_STANDARD = "gnu++14";
				CLANG_CXX_LIBRARY = "libc++";
				CLANG_ENABLE_MODULES = YES;
				CLANG_ENABLE_OBJC_ARC = YES;
				CLANG_ENABLE_OBJC_WEAK = YES;
				CLANG_WARN_BLOCK_CAPTURE_AUTORELEASING = YES;
				CLANG_WARN_BOOL_CONVERSION = YES;
				CLANG_WARN_COMMA = YES;
				CLANG_WARN_CONSTANT_CONVERSION = YES;
				CLANG_WARN_DEPRECATED_OBJC_IMPLEMENTATIONS = YES;
				CLANG_WARN_DIRECT_OBJC_ISA_USAGE = YES_ERROR;
				CLANG_WARN_DOCUMENTATION_COMMENTS = YES;
				CLANG_WARN_EMPTY_BODY = YES;
				CLANG_WARN_ENUM_CONVERSION = YES;
				CLANG_WARN_INFINITE_RECURSION = YES;
				CLANG_WARN_INT_CONVERSION = YES;
				CLANG_WARN_NON_LITERAL_NULL_CONVERSION = YES;
				CLANG_WARN_OBJC_IMPLICIT_RETAIN_SELF = YES;
				CLANG_WARN_OBJC_LITERAL_CONVERSION = YES;
				CLANG_WARN_OBJC_ROOT_CLASS = YES_ERROR;
				CLANG_WARN_RANGE_LOOP_ANALYSIS = YES;
				CLANG_WARN_STRICT_PROTOTYPES = YES;
				CLANG_WARN_SUSPICIOUS_MOVE = YES;
				CLANG_WARN_UNGUARDED_AVAILABILITY = YES_AGGRESSIVE;
				CLANG_WARN_UNREACHABLE_CODE = YES;
				CLANG_WARN__DUPLICATE_METHOD_MATCH = YES;
				COPY_PHASE_STRIP = NO;
				DEBUG_INFORMATION_FORMAT = dwarf;
				ENABLE_STRICT_OBJC_MSGSEND = YES;
				ENABLE_TESTABILITY = YES;
				GCC_C_LANGUAGE_STANDARD = gnu11;
				GCC_DYNAMIC_NO_PIC = NO;
				GCC_NO_COMMON_BLOCKS = YES;
				GCC_OPTIMIZATION_LEVEL = 0;
				GCC_PREPROCESSOR_DEFINITIONS = (
					"DEBUG=1",
					"$(inherited)",
				);
				GCC_WARN_64_TO_32_BIT_CONVERSION = YES;
				GCC_WARN_ABOUT_RETURN_TYPE = YES_ERROR;
				GCC_WARN_UNDECLARED_SELECTOR = YES;
				GCC_WARN_UNINITIALIZED_AUTOS = YES_AGGRESSIVE;
				GCC_WARN_UNUSED_FUNCTION = YES;
				GCC_WARN_UNUSED_VARIABLE = YES;
				IPHONEOS_DEPLOYMENT_TARGET = 13.2;
				MTL_ENABLE_DEBUG_INFO = INCLUDE_SOURCE;
				MTL_FAST_MATH = YES;
				ONLY_ACTIVE_ARCH = YES;
				SDKROOT = iphoneos;
				SWIFT_ACTIVE_COMPILATION_CONDITIONS = DEBUG;
				SWIFT_OPTIMIZATION_LEVEL = "-Onone";
				SWIFT_VERSION = 5.0;
			};
			name = Debug;
		};
		5740682D258B14DE00B17393 /* Release */ = {
			isa = XCBuildConfiguration;
			buildSettings = {
				ALWAYS_SEARCH_USER_PATHS = NO;
				CLANG_ANALYZER_NONNULL = YES;
				CLANG_ANALYZER_NUMBER_OBJECT_CONVERSION = YES_AGGRESSIVE;
				CLANG_CXX_LANGUAGE_STANDARD = "gnu++14";
				CLANG_CXX_LIBRARY = "libc++";
				CLANG_ENABLE_MODULES = YES;
				CLANG_ENABLE_OBJC_ARC = YES;
				CLANG_ENABLE_OBJC_WEAK = YES;
				CLANG_WARN_BLOCK_CAPTURE_AUTORELEASING = YES;
				CLANG_WARN_BOOL_CONVERSION = YES;
				CLANG_WARN_COMMA = YES;
				CLANG_WARN_CONSTANT_CONVERSION = YES;
				CLANG_WARN_DEPRECATED_OBJC_IMPLEMENTATIONS = YES;
				CLANG_WARN_DIRECT_OBJC_ISA_USAGE = YES_ERROR;
				CLANG_WARN_DOCUMENTATION_COMMENTS = YES;
				CLANG_WARN_EMPTY_BODY = YES;
				CLANG_WARN_ENUM_CONVERSION = YES;
				CLANG_WARN_INFINITE_RECURSION = YES;
				CLANG_WARN_INT_CONVERSION = YES;
				CLANG_WARN_NON_LITERAL_NULL_CONVERSION = YES;
				CLANG_WARN_OBJC_IMPLICIT_RETAIN_SELF = YES;
				CLANG_WARN_OBJC_LITERAL_CONVERSION = YES;
				CLANG_WARN_OBJC_ROOT_CLASS = YES_ERROR;
				CLANG_WARN_RANGE_LOOP_ANALYSIS = YES;
				CLANG_WARN_STRICT_PROTOTYPES = YES;
				CLANG_WARN_SUSPICIOUS_MOVE = YES;
				CLANG_WARN_UNGUARDED_AVAILABILITY = YES_AGGRESSIVE;
				CLANG_WARN_UNREACHABLE_CODE = YES;
				CLANG_WARN__DUPLICATE_METHOD_MATCH = YES;
				COPY_PHASE_STRIP = NO;
				DEBUG_INFORMATION_FORMAT = "dwarf-with-dsym";
				ENABLE_NS_ASSERTIONS = NO;
				ENABLE_STRICT_OBJC_MSGSEND = YES;
				GCC_C_LANGUAGE_STANDARD = gnu11;
				GCC_NO_COMMON_BLOCKS = YES;
				GCC_WARN_64_TO_32_BIT_CONVERSION = YES;
				GCC_WARN_ABOUT_RETURN_TYPE = YES_ERROR;
				GCC_WARN_UNDECLARED_SELECTOR = YES;
				GCC_WARN_UNINITIALIZED_AUTOS = YES_AGGRESSIVE;
				GCC_WARN_UNUSED_FUNCTION = YES;
				GCC_WARN_UNUSED_VARIABLE = YES;
				IPHONEOS_DEPLOYMENT_TARGET = 13.2;
				MTL_ENABLE_DEBUG_INFO = NO;
				MTL_FAST_MATH = YES;
				SDKROOT = iphoneos;
				SWIFT_COMPILATION_MODE = wholemodule;
				SWIFT_OPTIMIZATION_LEVEL = "-O";
				SWIFT_VERSION = 5.0;
				VALIDATE_PRODUCT = YES;
			};
			name = Release;
		};
		5740682F258B14DE00B17393 /* Debug */ = {
			isa = XCBuildConfiguration;
			baseConfigurationReference = B9F3DD760E5CCE3D8DF9C870 /* Pods-tracol-food-delivery-ios-1479.debug.xcconfig */;
			buildSettings = {
				ASSETCATALOG_COMPILER_APPICON_NAME = AppIcon;
				CODE_SIGN_IDENTITY = "iPhone Developer";
				CODE_SIGN_STYLE = Manual;
				CURRENT_PROJECT_VERSION = 1.1;
				DEVELOPMENT_TEAM = XY34TNN4NA;
				INFOPLIST_FILE = "tracol-food-delivery-ios-1479/Info.plist";
				IPHONEOS_DEPLOYMENT_TARGET = 11.0;
				LD_RUNPATH_SEARCH_PATHS = (
					"$(inherited)",
					"@executable_path/Frameworks",
				);
				PRODUCT_BUNDLE_IDENTIFIER = com.tracol.ios;
				PRODUCT_NAME = Tracol;
				PROVISIONING_PROFILE_SPECIFIER = TracolDevProv;
				SWIFT_VERSION = 5.0;
				TARGETED_DEVICE_FAMILY = 1;
			};
			name = Debug;
		};
		57406830258B14DE00B17393 /* Release */ = {
			isa = XCBuildConfiguration;
			baseConfigurationReference = F00CE01B54ECAD361D382811 /* Pods-tracol-food-delivery-ios-1479.release.xcconfig */;
			buildSettings = {
				ASSETCATALOG_COMPILER_APPICON_NAME = AppIcon;
				CODE_SIGN_IDENTITY = "iPhone Distribution";
				CODE_SIGN_STYLE = Manual;
				CURRENT_PROJECT_VERSION = 1.1;
				DEVELOPMENT_TEAM = XY34TNN4NA;
				INFOPLIST_FILE = "tracol-food-delivery-ios-1479/Info.plist";
				IPHONEOS_DEPLOYMENT_TARGET = 11.0;
				LD_RUNPATH_SEARCH_PATHS = (
					"$(inherited)",
					"@executable_path/Frameworks",
				);
				PRODUCT_BUNDLE_IDENTIFIER = com.tracol.ios;
				PRODUCT_NAME = Tracol;
				PROVISIONING_PROFILE_SPECIFIER = TracolProdProv;
				SWIFT_VERSION = 5.0;
				TARGETED_DEVICE_FAMILY = 1;
			};
			name = Release;
		};
		57406832258B14DE00B17393 /* Debug */ = {
			isa = XCBuildConfiguration;
			buildSettings = {
				ALWAYS_EMBED_SWIFT_STANDARD_LIBRARIES = YES;
				BUNDLE_LOADER = "$(TEST_HOST)";
				CODE_SIGN_STYLE = Automatic;
				INFOPLIST_FILE = "tracol-food-delivery-ios-1479Tests/Info.plist";
				IPHONEOS_DEPLOYMENT_TARGET = 13.2;
				LD_RUNPATH_SEARCH_PATHS = (
					"$(inherited)",
					"@executable_path/Frameworks",
					"@loader_path/Frameworks",
				);
				PRODUCT_BUNDLE_IDENTIFIER = "com.App.tracol-food-delivery-ios-1479Tests";
				PRODUCT_NAME = "$(TARGET_NAME)";
				SWIFT_VERSION = 5.0;
				TARGETED_DEVICE_FAMILY = "1,2";
				TEST_HOST = "$(BUILT_PRODUCTS_DIR)/tracol-food-delivery-ios-1479.app/tracol-food-delivery-ios-1479";
			};
			name = Debug;
		};
		57406833258B14DE00B17393 /* Release */ = {
			isa = XCBuildConfiguration;
			buildSettings = {
				ALWAYS_EMBED_SWIFT_STANDARD_LIBRARIES = YES;
				BUNDLE_LOADER = "$(TEST_HOST)";
				CODE_SIGN_STYLE = Automatic;
				INFOPLIST_FILE = "tracol-food-delivery-ios-1479Tests/Info.plist";
				IPHONEOS_DEPLOYMENT_TARGET = 13.2;
				LD_RUNPATH_SEARCH_PATHS = (
					"$(inherited)",
					"@executable_path/Frameworks",
					"@loader_path/Frameworks",
				);
				PRODUCT_BUNDLE_IDENTIFIER = "com.App.tracol-food-delivery-ios-1479Tests";
				PRODUCT_NAME = "$(TARGET_NAME)";
				SWIFT_VERSION = 5.0;
				TARGETED_DEVICE_FAMILY = "1,2";
				TEST_HOST = "$(BUILT_PRODUCTS_DIR)/tracol-food-delivery-ios-1479.app/tracol-food-delivery-ios-1479";
			};
			name = Release;
		};
		57406835258B14DE00B17393 /* Debug */ = {
			isa = XCBuildConfiguration;
			buildSettings = {
				ALWAYS_EMBED_SWIFT_STANDARD_LIBRARIES = YES;
				CODE_SIGN_STYLE = Automatic;
				INFOPLIST_FILE = "tracol-food-delivery-ios-1479UITests/Info.plist";
				LD_RUNPATH_SEARCH_PATHS = (
					"$(inherited)",
					"@executable_path/Frameworks",
					"@loader_path/Frameworks",
				);
				PRODUCT_BUNDLE_IDENTIFIER = "com.App.tracol-food-delivery-ios-1479UITests";
				PRODUCT_NAME = "$(TARGET_NAME)";
				SWIFT_VERSION = 5.0;
				TARGETED_DEVICE_FAMILY = "1,2";
				TEST_TARGET_NAME = "tracol-food-delivery-ios-1479";
			};
			name = Debug;
		};
		57406836258B14DE00B17393 /* Release */ = {
			isa = XCBuildConfiguration;
			buildSettings = {
				ALWAYS_EMBED_SWIFT_STANDARD_LIBRARIES = YES;
				CODE_SIGN_STYLE = Automatic;
				INFOPLIST_FILE = "tracol-food-delivery-ios-1479UITests/Info.plist";
				LD_RUNPATH_SEARCH_PATHS = (
					"$(inherited)",
					"@executable_path/Frameworks",
					"@loader_path/Frameworks",
				);
				PRODUCT_BUNDLE_IDENTIFIER = "com.App.tracol-food-delivery-ios-1479UITests";
				PRODUCT_NAME = "$(TARGET_NAME)";
				SWIFT_VERSION = 5.0;
				TARGETED_DEVICE_FAMILY = "1,2";
				TEST_TARGET_NAME = "tracol-food-delivery-ios-1479";
			};
			name = Release;
		};
/* End XCBuildConfiguration section */

/* Begin XCConfigurationList section */
		574067FF258B14D800B17393 /* Build configuration list for PBXProject "tracol-food-delivery-ios-1479" */ = {
			isa = XCConfigurationList;
			buildConfigurations = (
				5740682C258B14DE00B17393 /* Debug */,
				5740682D258B14DE00B17393 /* Release */,
			);
			defaultConfigurationIsVisible = 0;
			defaultConfigurationName = Release;
		};
		5740682E258B14DE00B17393 /* Build configuration list for PBXNativeTarget "tracol-food-delivery-ios-1479" */ = {
			isa = XCConfigurationList;
			buildConfigurations = (
				5740682F258B14DE00B17393 /* Debug */,
				57406830258B14DE00B17393 /* Release */,
			);
			defaultConfigurationIsVisible = 0;
			defaultConfigurationName = Release;
		};
		57406831258B14DE00B17393 /* Build configuration list for PBXNativeTarget "tracol-food-delivery-ios-1479Tests" */ = {
			isa = XCConfigurationList;
			buildConfigurations = (
				57406832258B14DE00B17393 /* Debug */,
				57406833258B14DE00B17393 /* Release */,
			);
			defaultConfigurationIsVisible = 0;
			defaultConfigurationName = Release;
		};
		57406834258B14DE00B17393 /* Build configuration list for PBXNativeTarget "tracol-food-delivery-ios-1479UITests" */ = {
			isa = XCConfigurationList;
			buildConfigurations = (
				57406835258B14DE00B17393 /* Debug */,
				57406836258B14DE00B17393 /* Release */,
			);
			defaultConfigurationIsVisible = 0;
			defaultConfigurationName = Release;
		};
/* End XCConfigurationList section */

/* Begin XCRemoteSwiftPackageReference section */
		572C9DA625A58269005C5E89 /* XCRemoteSwiftPackageReference "lottie-ios" */ = {
			isa = XCRemoteSwiftPackageReference;
			repositoryURL = "https://github.com/airbnb/lottie-ios.git";
			requirement = {
				kind = upToNextMajorVersion;
				minimumVersion = 3.1.9;
			};
		};
/* End XCRemoteSwiftPackageReference section */

/* Begin XCSwiftPackageProductDependency section */
		572C9DA725A58269005C5E89 /* Lottie */ = {
			isa = XCSwiftPackageProductDependency;
			package = 572C9DA625A58269005C5E89 /* XCRemoteSwiftPackageReference "lottie-ios" */;
			productName = Lottie;
		};
/* End XCSwiftPackageProductDependency section */

/* Begin XCVersionGroup section */
		572BCC02259CAC35005A1060 /* tracol.xcdatamodeld */ = {
			isa = XCVersionGroup;
			children = (
				572BCC03259CAC35005A1060 /* tracol.xcdatamodel */,
			);
			currentVersion = 572BCC03259CAC35005A1060 /* tracol.xcdatamodel */;
			path = tracol.xcdatamodeld;
			sourceTree = "<group>";
			versionGroupType = wrapper.xcdatamodel;
		};
/* End XCVersionGroup section */
	};
	rootObject = 574067FC258B14D800B17393 /* Project object */;
}
